// !$*UTF8*$!
{
	archiveVersion = 1;
	classes = {
	};
	objectVersion = 50;
	objects = {

/* Begin PBXBuildFile section */
		53E9B9A421CBA76A000F0EB6 /* AppDelegate.swift in Sources */ = {isa = PBXBuildFile; fileRef = 53E9B9A321CBA76A000F0EB6 /* AppDelegate.swift */; };
		53E9B9A621CBA76A000F0EB6 /* ViewController.swift in Sources */ = {isa = PBXBuildFile; fileRef = 53E9B9A521CBA76A000F0EB6 /* ViewController.swift */; };
		53E9B9A921CBA76A000F0EB6 /* Main.storyboard in Resources */ = {isa = PBXBuildFile; fileRef = 53E9B9A721CBA76A000F0EB6 /* Main.storyboard */; };
		53E9B9AB21CBA76B000F0EB6 /* Assets.xcassets in Resources */ = {isa = PBXBuildFile; fileRef = 53E9B9AA21CBA76B000F0EB6 /* Assets.xcassets */; };
		53E9B9AE21CBA76B000F0EB6 /* LaunchScreen.storyboard in Resources */ = {isa = PBXBuildFile; fileRef = 53E9B9AC21CBA76B000F0EB6 /* LaunchScreen.storyboard */; };
		53E9B9B921CBA76B000F0EB6 /* XZTests.swift in Sources */ = {isa = PBXBuildFile; fileRef = 53E9B9B821CBA76B000F0EB6 /* XZTests.swift */; };
		53E9B9C421CBA76B000F0EB6 /* XZUITests.swift in Sources */ = {isa = PBXBuildFile; fileRef = 53E9B9C321CBA76B000F0EB6 /* XZUITests.swift */; };
/* End PBXBuildFile section */

/* Begin PBXContainerItemProxy section */
		53E9B9B521CBA76B000F0EB6 /* PBXContainerItemProxy */ = {
			isa = PBXContainerItemProxy;
			containerPortal = 53E9B99821CBA76A000F0EB6 /* Project object */;
			proxyType = 1;
			remoteGlobalIDString = 53E9B99F21CBA76A000F0EB6;
			remoteInfo = XZ;
		};
		53E9B9C021CBA76B000F0EB6 /* PBXContainerItemProxy */ = {
			isa = PBXContainerItemProxy;
			containerPortal = 53E9B99821CBA76A000F0EB6 /* Project object */;
			proxyType = 1;
			remoteGlobalIDString = 53E9B99F21CBA76A000F0EB6;
			remoteInfo = XZ;
		};
/* End PBXContainerItemProxy section */

/* Begin PBXFileReference section */
		53E9B9A021CBA76A000F0EB6 /* XZ.app */ = {isa = PBXFileReference; explicitFileType = wrapper.application; includeInIndex = 0; path = XZ.app; sourceTree = BUILT_PRODUCTS_DIR; };
		53E9B9A321CBA76A000F0EB6 /* AppDelegate.swift */ = {isa = PBXFileReference; lastKnownFileType = sourcecode.swift; path = AppDelegate.swift; sourceTree = "<group>"; };
		53E9B9A521CBA76A000F0EB6 /* ViewController.swift */ = {isa = PBXFileReference; lastKnownFileType = sourcecode.swift; path = ViewController.swift; sourceTree = "<group>"; };
		53E9B9A821CBA76A000F0EB6 /* Base */ = {isa = PBXFileReference; lastKnownFileType = file.storyboard; name = Base; path = Base.lproj/Main.storyboard; sourceTree = "<group>"; };
		53E9B9AA21CBA76B000F0EB6 /* Assets.xcassets */ = {isa = PBXFileReference; lastKnownFileType = folder.assetcatalog; path = Assets.xcassets; sourceTree = "<group>"; };
		53E9B9AD21CBA76B000F0EB6 /* Base */ = {isa = PBXFileReference; lastKnownFileType = file.storyboard; name = Base; path = Base.lproj/LaunchScreen.storyboard; sourceTree = "<group>"; };
		53E9B9AF21CBA76B000F0EB6 /* Info.plist */ = {isa = PBXFileReference; lastKnownFileType = text.plist.xml; path = Info.plist; sourceTree = "<group>"; };
		53E9B9B421CBA76B000F0EB6 /* XZTests.xctest */ = {isa = PBXFileReference; explicitFileType = wrapper.cfbundle; includeInIndex = 0; path = XZTests.xctest; sourceTree = BUILT_PRODUCTS_DIR; };
		53E9B9B821CBA76B000F0EB6 /* XZTests.swift */ = {isa = PBXFileReference; lastKnownFileType = sourcecode.swift; path = XZTests.swift; sourceTree = "<group>"; };
		53E9B9BA21CBA76B000F0EB6 /* Info.plist */ = {isa = PBXFileReference; lastKnownFileType = text.plist.xml; path = Info.plist; sourceTree = "<group>"; };
		53E9B9BF21CBA76B000F0EB6 /* XZUITests.xctest */ = {isa = PBXFileReference; explicitFileType = wrapper.cfbundle; includeInIndex = 0; path = XZUITests.xctest; sourceTree = BUILT_PRODUCTS_DIR; };
		53E9B9C321CBA76B000F0EB6 /* XZUITests.swift */ = {isa = PBXFileReference; lastKnownFileType = sourcecode.swift; path = XZUITests.swift; sourceTree = "<group>"; };
		53E9B9C521CBA76B000F0EB6 /* Info.plist */ = {isa = PBXFileReference; lastKnownFileType = text.plist.xml; path = Info.plist; sourceTree = "<group>"; };
/* End PBXFileReference section */

/* Begin PBXFrameworksBuildPhase section */
		53E9B99D21CBA76A000F0EB6 /* Frameworks */ = {
			isa = PBXFrameworksBuildPhase;
			buildActionMask = 2147483647;
			files = (
			);
			runOnlyForDeploymentPostprocessing = 0;
		};
		53E9B9B121CBA76B000F0EB6 /* Frameworks */ = {
			isa = PBXFrameworksBuildPhase;
			buildActionMask = 2147483647;
			files = (
			);
			runOnlyForDeploymentPostprocessing = 0;
		};
		53E9B9BC21CBA76B000F0EB6 /* Frameworks */ = {
			isa = PBXFrameworksBuildPhase;
			buildActionMask = 2147483647;
			files = (
			);
			runOnlyForDeploymentPostprocessing = 0;
		};
/* End PBXFrameworksBuildPhase section */

/* Begin PBXGroup section */
		53E9B99721CBA76A000F0EB6 = {
			isa = PBXGroup;
			children = (
				53E9B9A221CBA76A000F0EB6 /* XZ */,
				53E9B9B721CBA76B000F0EB6 /* XZTests */,
				53E9B9C221CBA76B000F0EB6 /* XZUITests */,
				53E9B9A121CBA76A000F0EB6 /* Products */,
			);
			sourceTree = "<group>";
		};
		53E9B9A121CBA76A000F0EB6 /* Products */ = {
			isa = PBXGroup;
			children = (
				53E9B9A021CBA76A000F0EB6 /* XZ.app */,
				53E9B9B421CBA76B000F0EB6 /* XZTests.xctest */,
				53E9B9BF21CBA76B000F0EB6 /* XZUITests.xctest */,
			);
			name = Products;
			sourceTree = "<group>";
		};
		53E9B9A221CBA76A000F0EB6 /* XZ */ = {
			isa = PBXGroup;
			children = (
				53E9B9A321CBA76A000F0EB6 /* AppDelegate.swift */,
				53E9B9A521CBA76A000F0EB6 /* ViewController.swift */,
				53E9B9A721CBA76A000F0EB6 /* Main.storyboard */,
				53E9B9AA21CBA76B000F0EB6 /* Assets.xcassets */,
				53E9B9AC21CBA76B000F0EB6 /* LaunchScreen.storyboard */,
				53E9B9AF21CBA76B000F0EB6 /* Info.plist */,
			);
			path = XZ;
			sourceTree = "<group>";
		};
		53E9B9B721CBA76B000F0EB6 /* XZTests */ = {
			isa = PBXGroup;
			children = (
				53E9B9B821CBA76B000F0EB6 /* XZTests.swift */,
				53E9B9BA21CBA76B000F0EB6 /* Info.plist */,
			);
			path = XZTests;
			sourceTree = "<group>";
		};
		53E9B9C221CBA76B000F0EB6 /* XZUITests */ = {
			isa = PBXGroup;
			children = (
				53E9B9C321CBA76B000F0EB6 /* XZUITests.swift */,
				53E9B9C521CBA76B000F0EB6 /* Info.plist */,
			);
			path = XZUITests;
			sourceTree = "<group>";
		};
/* End PBXGroup section */

/* Begin PBXNativeTarget section */
		53E9B99F21CBA76A000F0EB6 /* XZ */ = {
			isa = PBXNativeTarget;
			buildConfigurationList = 53E9B9C821CBA76C000F0EB6 /* Build configuration list for PBXNativeTarget "XZ" */;
			buildPhases = (
				53E9B99C21CBA76A000F0EB6 /* Sources */,
				53E9B99D21CBA76A000F0EB6 /* Frameworks */,
				53E9B99E21CBA76A000F0EB6 /* Resources */,
			);
			buildRules = (
			);
			dependencies = (
			);
			name = XZ;
			productName = XZ;
			productReference = 53E9B9A021CBA76A000F0EB6 /* XZ.app */;
			productType = "com.apple.product-type.application";
		};
		53E9B9B321CBA76B000F0EB6 /* XZTests */ = {
			isa = PBXNativeTarget;
			buildConfigurationList = 53E9B9CB21CBA76C000F0EB6 /* Build configuration list for PBXNativeTarget "XZTests" */;
			buildPhases = (
				53E9B9B021CBA76B000F0EB6 /* Sources */,
				53E9B9B121CBA76B000F0EB6 /* Frameworks */,
				53E9B9B221CBA76B000F0EB6 /* Resources */,
			);
			buildRules = (
			);
			dependencies = (
				53E9B9B621CBA76B000F0EB6 /* PBXTargetDependency */,
			);
			name = XZTests;
			productName = XZTests;
			productReference = 53E9B9B421CBA76B000F0EB6 /* XZTests.xctest */;
			productType = "com.apple.product-type.bundle.unit-test";
		};
		53E9B9BE21CBA76B000F0EB6 /* XZUITests */ = {
			isa = PBXNativeTarget;
			buildConfigurationList = 53E9B9CE21CBA76C000F0EB6 /* Build configuration list for PBXNativeTarget "XZUITests" */;
			buildPhases = (
				53E9B9BB21CBA76B000F0EB6 /* Sources */,
				53E9B9BC21CBA76B000F0EB6 /* Frameworks */,
				53E9B9BD21CBA76B000F0EB6 /* Resources */,
			);
			buildRules = (
			);
			dependencies = (
				53E9B9C121CBA76B000F0EB6 /* PBXTargetDependency */,
			);
			name = XZUITests;
			productName = XZUITests;
			productReference = 53E9B9BF21CBA76B000F0EB6 /* XZUITests.xctest */;
			productType = "com.apple.product-type.bundle.ui-testing";
		};
/* End PBXNativeTarget section */

/* Begin PBXProject section */
		53E9B99821CBA76A000F0EB6 /* Project object */ = {
			isa = PBXProject;
			attributes = {
				LastSwiftUpdateCheck = 1010;
				LastUpgradeCheck = 1010;
				ORGANIZATIONNAME = wjz;
				TargetAttributes = {
					53E9B99F21CBA76A000F0EB6 = {
						CreatedOnToolsVersion = 10.1;
					};
					53E9B9B321CBA76B000F0EB6 = {
						CreatedOnToolsVersion = 10.1;
						TestTargetID = 53E9B99F21CBA76A000F0EB6;
					};
					53E9B9BE21CBA76B000F0EB6 = {
						CreatedOnToolsVersion = 10.1;
						TestTargetID = 53E9B99F21CBA76A000F0EB6;
					};
				};
			};
			buildConfigurationList = 53E9B99B21CBA76A000F0EB6 /* Build configuration list for PBXProject "XZ" */;
			compatibilityVersion = "Xcode 9.3";
			developmentRegion = en;
			hasScannedForEncodings = 0;
			knownRegions = (
				en,
				Base,
			);
			mainGroup = 53E9B99721CBA76A000F0EB6;
			productRefGroup = 53E9B9A121CBA76A000F0EB6 /* Products */;
			projectDirPath = "";
			projectRoot = "";
			targets = (
				53E9B99F21CBA76A000F0EB6 /* XZ */,
				53E9B9B321CBA76B000F0EB6 /* XZTests */,
				53E9B9BE21CBA76B000F0EB6 /* XZUITests */,
			);
		};
/* End PBXProject section */

/* Begin PBXResourcesBuildPhase section */
		53E9B99E21CBA76A000F0EB6 /* Resources */ = {
			isa = PBXResourcesBuildPhase;
			buildActionMask = 2147483647;
			files = (
				53E9B9AE21CBA76B000F0EB6 /* LaunchScreen.storyboard in Resources */,
				53E9B9AB21CBA76B000F0EB6 /* Assets.xcassets in Resources */,
				53E9B9A921CBA76A000F0EB6 /* Main.storyboard in Resources */,
			);
			runOnlyForDeploymentPostprocessing = 0;
		};
		53E9B9B221CBA76B000F0EB6 /* Resources */ = {
			isa = PBXResourcesBuildPhase;
			buildActionMask = 2147483647;
			files = (
			);
			runOnlyForDeploymentPostprocessing = 0;
		};
		53E9B9BD21CBA76B000F0EB6 /* Resources */ = {
			isa = PBXResourcesBuildPhase;
			buildActionMask = 2147483647;
			files = (
			);
			runOnlyForDeploymentPostprocessing = 0;
		};
/* End PBXResourcesBuildPhase section */

/* Begin PBXSourcesBuildPhase section */
		53E9B99C21CBA76A000F0EB6 /* Sources */ = {
			isa = PBXSourcesBuildPhase;
			buildActionMask = 2147483647;
			files = (
				53E9B9A621CBA76A000F0EB6 /* ViewController.swift in Sources */,
				53E9B9A421CBA76A000F0EB6 /* AppDelegate.swift in Sources */,
			);
			runOnlyForDeploymentPostprocessing = 0;
		};
		53E9B9B021CBA76B000F0EB6 /* Sources */ = {
			isa = PBXSourcesBuildPhase;
			buildActionMask = 2147483647;
			files = (
				53E9B9B921CBA76B000F0EB6 /* XZTests.swift in Sources */,
			);
			runOnlyForDeploymentPostprocessing = 0;
		};
		53E9B9BB21CBA76B000F0EB6 /* Sources */ = {
			isa = PBXSourcesBuildPhase;
			buildActionMask = 2147483647;
			files = (
				53E9B9C421CBA76B000F0EB6 /* XZUITests.swift in Sources */,
			);
			runOnlyForDeploymentPostprocessing = 0;
		};
/* End PBXSourcesBuildPhase section */

/* Begin PBXTargetDependency section */
		53E9B9B621CBA76B000F0EB6 /* PBXTargetDependency */ = {
			isa = PBXTargetDependency;
			target = 53E9B99F21CBA76A000F0EB6 /* XZ */;
			targetProxy = 53E9B9B521CBA76B000F0EB6 /* PBXContainerItemProxy */;
		};
		53E9B9C121CBA76B000F0EB6 /* PBXTargetDependency */ = {
			isa = PBXTargetDependency;
			target = 53E9B99F21CBA76A000F0EB6 /* XZ */;
			targetProxy = 53E9B9C021CBA76B000F0EB6 /* PBXContainerItemProxy */;
		};
/* End PBXTargetDependency section */

/* Begin PBXVariantGroup section */
		53E9B9A721CBA76A000F0EB6 /* Main.storyboard */ = {
			isa = PBXVariantGroup;
			children = (
				53E9B9A821CBA76A000F0EB6 /* Base */,
			);
			name = Main.storyboard;
			sourceTree = "<group>";
		};
		53E9B9AC21CBA76B000F0EB6 /* LaunchScreen.storyboard */ = {
			isa = PBXVariantGroup;
			children = (
				53E9B9AD21CBA76B000F0EB6 /* Base */,
			);
			name = LaunchScreen.storyboard;
			sourceTree = "<group>";
		};
/* End PBXVariantGroup section */

/* Begin XCBuildConfiguration section */
		53E9B9C621CBA76C000F0EB6 /* Debug */ = {
			isa = XCBuildConfiguration;
			buildSettings = {
				ALWAYS_SEARCH_USER_PATHS = NO;
				CLANG_ANALYZER_NONNULL = YES;
				CLANG_ANALYZER_NUMBER_OBJECT_CONVERSION = YES_AGGRESSIVE;
				CLANG_CXX_LANGUAGE_STANDARD = "gnu++14";
				CLANG_CXX_LIBRARY = "libc++";
				CLANG_ENABLE_MODULES = YES;
				CLANG_ENABLE_OBJC_ARC = YES;
				CLANG_ENABLE_OBJC_WEAK = YES;
				CLANG_WARN_BLOCK_CAPTURE_AUTORELEASING = YES;
				CLANG_WARN_BOOL_CONVERSION = YES;
				CLANG_WARN_COMMA = YES;
				CLANG_WARN_CONSTANT_CONVERSION = YES;
				CLANG_WARN_DEPRECATED_OBJC_IMPLEMENTATIONS = YES;
				CLANG_WARN_DIRECT_OBJC_ISA_USAGE = YES_ERROR;
				CLANG_WARN_DOCUMENTATION_COMMENTS = YES;
				CLANG_WARN_EMPTY_BODY = YES;
				CLANG_WARN_ENUM_CONVERSION = YES;
				CLANG_WARN_INFINITE_RECURSION = YES;
				CLANG_WARN_INT_CONVERSION = YES;
				CLANG_WARN_NON_LITERAL_NULL_CONVERSION = YES;
				CLANG_WARN_OBJC_IMPLICIT_RETAIN_SELF = YES;
				CLANG_WARN_OBJC_LITERAL_CONVERSION = YES;
				CLANG_WARN_OBJC_ROOT_CLASS = YES_ERROR;
				CLANG_WARN_RANGE_LOOP_ANALYSIS = YES;
				CLANG_WARN_STRICT_PROTOTYPES = YES;
				CLANG_WARN_SUSPICIOUS_MOVE = YES;
				CLANG_WARN_UNGUARDED_AVAILABILITY = YES_AGGRESSIVE;
				CLANG_WARN_UNREACHABLE_CODE = YES;
				CLANG_WARN__DUPLICATE_METHOD_MATCH = YES;
				CODE_SIGN_IDENTITY = "iPhone Developer";
				COPY_PHASE_STRIP = NO;
				DEBUG_INFORMATION_FORMAT = dwarf;
				ENABLE_STRICT_OBJC_MSGSEND = YES;
				ENABLE_TESTABILITY = YES;
				GCC_C_LANGUAGE_STANDARD = gnu11;
				GCC_DYNAMIC_NO_PIC = NO;
				GCC_NO_COMMON_BLOCKS = YES;
				GCC_OPTIMIZATION_LEVEL = 0;
				GCC_PREPROCESSOR_DEFINITIONS = (
					"DEBUG=1",
					"$(inherited)",
				);
				GCC_WARN_64_TO_32_BIT_CONVERSION = YES;
				GCC_WARN_ABOUT_RETURN_TYPE = YES_ERROR;
				GCC_WARN_UNDECLARED_SELECTOR = YES;
				GCC_WARN_UNINITIALIZED_AUTOS = YES_AGGRESSIVE;
				GCC_WARN_UNUSED_FUNCTION = YES;
				GCC_WARN_UNUSED_VARIABLE = YES;
				IPHONEOS_DEPLOYMENT_TARGET = 12.1;
				MTL_ENABLE_DEBUG_INFO = INCLUDE_SOURCE;
				MTL_FAST_MATH = YES;
				ONLY_ACTIVE_ARCH = YES;
				SDKROOT = iphoneos;
				SWIFT_ACTIVE_COMPILATION_CONDITIONS = DEBUG;
				SWIFT_OPTIMIZATION_LEVEL = "-Onone";
			};
			name = Debug;
		};
		53E9B9C721CBA76C000F0EB6 /* Release */ = {
			isa = XCBuildConfiguration;
			buildSettings = {
				ALWAYS_SEARCH_USER_PATHS = NO;
				CLANG_ANALYZER_NONNULL = YES;
				CLANG_ANALYZER_NUMBER_OBJECT_CONVERSION = YES_AGGRESSIVE;
				CLANG_CXX_LANGUAGE_STANDARD = "gnu++14";
				CLANG_CXX_LIBRARY = "libc++";
				CLANG_ENABLE_MODULES = YES;
				CLANG_ENABLE_OBJC_ARC = YES;
				CLANG_ENABLE_OBJC_WEAK = YES;
				CLANG_WARN_BLOCK_CAPTURE_AUTORELEASING = YES;
				CLANG_WARN_BOOL_CONVERSION = YES;
				CLANG_WARN_COMMA = YES;
				CLANG_WARN_CONSTANT_CONVERSION = YES;
				CLANG_WARN_DEPRECATED_OBJC_IMPLEMENTATIONS = YES;
				CLANG_WARN_DIRECT_OBJC_ISA_USAGE = YES_ERROR;
				CLANG_WARN_DOCUMENTATION_COMMENTS = YES;
				CLANG_WARN_EMPTY_BODY = YES;
				CLANG_WARN_ENUM_CONVERSION = YES;
				CLANG_WARN_INFINITE_RECURSION = YES;
				CLANG_WARN_INT_CONVERSION = YES;
				CLANG_WARN_NON_LITERAL_NULL_CONVERSION = YES;
				CLANG_WARN_OBJC_IMPLICIT_RETAIN_SELF = YES;
				CLANG_WARN_OBJC_LITERAL_CONVERSION = YES;
				CLANG_WARN_OBJC_ROOT_CLASS = YES_ERROR;
				CLANG_WARN_RANGE_LOOP_ANALYSIS = YES;
				CLANG_WARN_STRICT_PROTOTYPES = YES;
				CLANG_WARN_SUSPICIOUS_MOVE = YES;
				CLANG_WARN_UNGUARDED_AVAILABILITY = YES_AGGRESSIVE;
				CLANG_WARN_UNREACHABLE_CODE = YES;
				CLANG_WARN__DUPLICATE_METHOD_MATCH = YES;
				CODE_SIGN_IDENTITY = "iPhone Developer";
				COPY_PHASE_STRIP = NO;
				DEBUG_INFORMATION_FORMAT = "dwarf-with-dsym";
				ENABLE_NS_ASSERTIONS = NO;
				ENABLE_STRICT_OBJC_MSGSEND = YES;
				GCC_C_LANGUAGE_STANDARD = gnu11;
				GCC_NO_COMMON_BLOCKS = YES;
				GCC_WARN_64_TO_32_BIT_CONVERSION = YES;
				GCC_WARN_ABOUT_RETURN_TYPE = YES_ERROR;
				GCC_WARN_UNDECLARED_SELECTOR = YES;
				GCC_WARN_UNINITIALIZED_AUTOS = YES_AGGRESSIVE;
				GCC_WARN_UNUSED_FUNCTION = YES;
				GCC_WARN_UNUSED_VARIABLE = YES;
				IPHONEOS_DEPLOYMENT_TARGET = 12.1;
				MTL_ENABLE_DEBUG_INFO = NO;
				MTL_FAST_MATH = YES;
				SDKROOT = iphoneos;
				SWIFT_COMPILATION_MODE = wholemodule;
				SWIFT_OPTIMIZATION_LEVEL = "-O";
				VALIDATE_PRODUCT = YES;
			};
			name = Release;
		};
		53E9B9C921CBA76C000F0EB6 /* Debug */ = {
			isa = XCBuildConfiguration;
			buildSettings = {
				ASSETCATALOG_COMPILER_APPICON_NAME = AppIcon;
				CODE_SIGN_STYLE = Automatic;
				INFOPLIST_FILE = XZ/Info.plist;
				LD_RUNPATH_SEARCH_PATHS = (
					"$(inherited)",
					"@executable_path/Frameworks",
				);
				PRODUCT_BUNDLE_IDENTIFIER = XZ.XZ;
				PRODUCT_NAME = "$(TARGET_NAME)";
				SWIFT_VERSION = 4.2;
				TARGETED_DEVICE_FAMILY = "1,2";
			};
			name = Debug;
		};
		53E9B9CA21CBA76C000F0EB6 /* Release */ = {
			isa = XCBuildConfiguration;
			buildSettings = {
				ASSETCATALOG_COMPILER_APPICON_NAME = AppIcon;
				CODE_SIGN_STYLE = Automatic;
				INFOPLIST_FILE = XZ/Info.plist;
				LD_RUNPATH_SEARCH_PATHS = (
					"$(inherited)",
					"@executable_path/Frameworks",
				);
				PRODUCT_BUNDLE_IDENTIFIER = XZ.XZ;
				PRODUCT_NAME = "$(TARGET_NAME)";
				SWIFT_VERSION = 4.2;
				TARGETED_DEVICE_FAMILY = "1,2";
			};
			name = Release;
		};
		53E9B9CC21CBA76C000F0EB6 /* Debug */ = {
			isa = XCBuildConfiguration;
			buildSettings = {
				ALWAYS_EMBED_SWIFT_STANDARD_LIBRARIES = YES;
				BUNDLE_LOADER = "$(TEST_HOST)";
				CODE_SIGN_STYLE = Automatic;
				INFOPLIST_FILE = XZTests/Info.plist;
				LD_RUNPATH_SEARCH_PATHS = (
					"$(inherited)",
					"@executable_path/Frameworks",
					"@loader_path/Frameworks",
				);
				PRODUCT_BUNDLE_IDENTIFIER = XZ.XZTests;
				PRODUCT_NAME = "$(TARGET_NAME)";
				SWIFT_VERSION = 4.2;
				TARGETED_DEVICE_FAMILY = "1,2";
				TEST_HOST = "$(BUILT_PRODUCTS_DIR)/XZ.app/XZ";
			};
			name = Debug;
		};
		53E9B9CD21CBA76C000F0EB6 /* Release */ = {
			isa = XCBuildConfiguration;
			buildSettings = {
				ALWAYS_EMBED_SWIFT_STANDARD_LIBRARIES = YES;
				BUNDLE_LOADER = "$(TEST_HOST)";
				CODE_SIGN_STYLE = Automatic;
				INFOPLIST_FILE = XZTests/Info.plist;
				LD_RUNPATH_SEARCH_PATHS = (
					"$(inherited)",
					"@executable_path/Frameworks",
					"@loader_path/Frameworks",
				);
				PRODUCT_BUNDLE_IDENTIFIER = XZ.XZTests;
				PRODUCT_NAME = "$(TARGET_NAME)";
				SWIFT_VERSION = 4.2;
				TARGETED_DEVICE_FAMILY = "1,2";
				TEST_HOST = "$(BUILT_PRODUCTS_DIR)/XZ.app/XZ";
			};
			name = Release;
		};
		53E9B9CF21CBA76C000F0EB6 /* Debug */ = {
			isa = XCBuildConfiguration;
			buildSettings = {
				ALWAYS_EMBED_SWIFT_STANDARD_LIBRARIES = YES;
				CODE_SIGN_STYLE = Automatic;
				INFOPLIST_FILE = XZUITests/Info.plist;
				LD_RUNPATH_SEARCH_PATHS = (
					"$(inherited)",
					"@executable_path/Frameworks",
					"@loader_path/Frameworks",
				);
				PRODUCT_BUNDLE_IDENTIFIER = XZ.XZUITests;
				PRODUCT_NAME = "$(TARGET_NAME)";
				SWIFT_VERSION = 4.2;
				TARGETED_DEVICE_FAMILY = "1,2";
				TEST_TARGET_NAME = XZ;
			};
			name = Debug;
		};
		53E9B9D021CBA76C000F0EB6 /* Release */ = {
			isa = XCBuildConfiguration;
			buildSettings = {
				ALWAYS_EMBED_SWIFT_STANDARD_LIBRARIES = YES;
				CODE_SIGN_STYLE = Automatic;
				INFOPLIST_FILE = XZUITests/Info.plist;
				LD_RUNPATH_SEARCH_PATHS = (
					"$(inherited)",
					"@executable_path/Frameworks",
					"@loader_path/Frameworks",
				);
				PRODUCT_BUNDLE_IDENTIFIER = XZ.XZUITests;
				PRODUCT_NAME = "$(TARGET_NAME)";
				SWIFT_VERSION = 4.2;
				TARGETED_DEVICE_FAMILY = "1,2";
				TEST_TARGET_NAME = XZ;
			};
			name = Release;
		};
/* End XCBuildConfiguration section */

/* Begin XCConfigurationList section */
		53E9B99B21CBA76A000F0EB6 /* Build configuration list for PBXProject "XZ" */ = {
			isa = XCConfigurationList;
			buildConfigurations = (
				53E9B9C621CBA76C000F0EB6 /* Debug */,
				53E9B9C721CBA76C000F0EB6 /* Release */,
			);
			defaultConfigurationIsVisible = 0;
			defaultConfigurationName = Release;
		};
		53E9B9C821CBA76C000F0EB6 /* Build configuration list for PBXNativeTarget "XZ" */ = {
			isa = XCConfigurationList;
			buildConfigurations = (
				53E9B9C921CBA76C000F0EB6 /* Debug */,
				53E9B9CA21CBA76C000F0EB6 /* Release */,
			);
			defaultConfigurationIsVisible = 0;
			defaultConfigurationName = Release;
		};
		53E9B9CB21CBA76C000F0EB6 /* Build configuration list for PBXNativeTarget "XZTests" */ = {
			isa = XCConfigurationList;
			buildConfigurations = (
				53E9B9CC21CBA76C000F0EB6 /* Debug */,
				53E9B9CD21CBA76C000F0EB6 /* Release */,
			);
			defaultConfigurationIsVisible = 0;
			defaultConfigurationName = Release;
		};
		53E9B9CE21CBA76C000F0EB6 /* Build configuration list for PBXNativeTarget "XZUITests" */ = {
			isa = XCConfigurationList;
			buildConfigurations = (
				53E9B9CF21CBA76C000F0EB6 /* Debug */,
				53E9B9D021CBA76C000F0EB6 /* Release */,
			);
			defaultConfigurationIsVisible = 0;
			defaultConfigurationName = Release;
		};
/* End XCConfigurationList section */
	};
	rootObject = 53E9B99821CBA76A000F0EB6 /* Project object */;
}
