// !$*UTF8*$!
{
	archiveVersion = 1;
	classes = {
	};
	objectVersion = 50;
	objects = {

/* Begin PBXBuildFile section */
		26E5515F82FA0DBB55C2FEA4 /* Pods_XZ.framework in Frameworks */ = {isa = PBXBuildFile; fileRef = 36593CCAB6E862C0D338C373 /* Pods_XZ.framework */; };
		531B3F4921D3659600451269 /* APImessViewController.swift in Sources */ = {isa = PBXBuildFile; fileRef = 531B3F4821D3659600451269 /* APImessViewController.swift */; };
		531B3F4A21D366C100451269 /* Main.storyboard in Resources */ = {isa = PBXBuildFile; fileRef = 53E9B9A721CBA76A000F0EB6 /* Main.storyboard */; };
		531C331321D513C700F35A5E /* RegisterViewController.swift in Sources */ = {isa = PBXBuildFile; fileRef = 531C331221D513C700F35A5E /* RegisterViewController.swift */; };
		531C332721D5259800F35A5E /* LoginViewController.swift in Sources */ = {isa = PBXBuildFile; fileRef = 531C332621D5259800F35A5E /* LoginViewController.swift */; };
		531C332B21D528C900F35A5E /* MainViewController.swift in Sources */ = {isa = PBXBuildFile; fileRef = 531C332A21D528C900F35A5E /* MainViewController.swift */; };
		531C332F21D52B3E00F35A5E /* StartViewController.swift in Sources */ = {isa = PBXBuildFile; fileRef = 531C332E21D52B3E00F35A5E /* StartViewController.swift */; };
		531C878A21D7ACE100CCDED6 /* HomeViewController.swift in Sources */ = {isa = PBXBuildFile; fileRef = 531C878921D7ACE100CCDED6 /* HomeViewController.swift */; };
		533672B221D61E28004E5028 /* SwiftyJSON.swift in Sources */ = {isa = PBXBuildFile; fileRef = 533672B121D61E28004E5028 /* SwiftyJSON.swift */; };
		533672B521D61F44004E5028 /* data.json in Resources */ = {isa = PBXBuildFile; fileRef = 533672B421D61F44004E5028 /* data.json */; };
		533672B721D629B8004E5028 /* Alamofire-4.1.0 in Resources */ = {isa = PBXBuildFile; fileRef = 533672B621D629B8004E5028 /* Alamofire-4.1.0 */; };
		5336730021D62A74004E5028 /* Alamofire.framework in Frameworks */ = {isa = PBXBuildFile; fileRef = 533672C421D629E7004E5028 /* Alamofire.framework */; };
		5336730121D62A74004E5028 /* Alamofire.framework in Embed Frameworks */ = {isa = PBXBuildFile; fileRef = 533672C421D629E7004E5028 /* Alamofire.framework */; settings = {ATTRIBUTES = (CodeSignOnCopy, RemoveHeadersOnCopy, ); }; };
		53654EB621DCC93900CE84E4 /* MymessTableViewCell.swift in Sources */ = {isa = PBXBuildFile; fileRef = 53654EB521DCC93900CE84E4 /* MymessTableViewCell.swift */; };
		53654EB821DCCC2D00CE84E4 /* CustomCellController.swift in Sources */ = {isa = PBXBuildFile; fileRef = 53654EB721DCCC2D00CE84E4 /* CustomCellController.swift */; };
		53654EBA21DCCC7500CE84E4 /* CustomTableViewCell.swift in Sources */ = {isa = PBXBuildFile; fileRef = 53654EB921DCCC7500CE84E4 /* CustomTableViewCell.swift */; };
		53654EBC21DDE32D00CE84E4 /* MytableView.swift in Sources */ = {isa = PBXBuildFile; fileRef = 53654EBB21DDE32D00CE84E4 /* MytableView.swift */; };
		53654EBE21DDE7C700CE84E4 /* ShoppagViewController.swift in Sources */ = {isa = PBXBuildFile; fileRef = 53654EBD21DDE7C700CE84E4 /* ShoppagViewController.swift */; };
		53654EC021DE40BB00CE84E4 /* MyAppcellViewController.swift in Sources */ = {isa = PBXBuildFile; fileRef = 53654EBF21DE40BB00CE84E4 /* MyAppcellViewController.swift */; };
		53654EC221DE45A500CE84E4 /* OperViewController.swift in Sources */ = {isa = PBXBuildFile; fileRef = 53654EC121DE45A500CE84E4 /* OperViewController.swift */; };
		5387D5F621E5C9170028FC97 /* weibo.png in Resources */ = {isa = PBXBuildFile; fileRef = 5387D5EE21E5C9170028FC97 /* weibo.png */; };
		5387D5FA21E5C9460028FC97 /* xiecheng.png in Resources */ = {isa = PBXBuildFile; fileRef = 5387D5F721E5C9460028FC97 /* xiecheng.png */; };
		5387D5FB21E5C9460028FC97 /* aiqiyi.png in Resources */ = {isa = PBXBuildFile; fileRef = 5387D5F821E5C9460028FC97 /* aiqiyi.png */; };
		5387D5FC21E5C9460028FC97 /* baidu.png in Resources */ = {isa = PBXBuildFile; fileRef = 5387D5F921E5C9460028FC97 /* baidu.png */; };
		538E52E321E8700600AFCB09 /* pach.png in Resources */ = {isa = PBXBuildFile; fileRef = 538E52DB21E8700600AFCB09 /* pach.png */; };
		538E52E621E87A3200AFCB09 /* API.png in Resources */ = {isa = PBXBuildFile; fileRef = 538E52E421E87A3200AFCB09 /* API.png */; };
		538E52E721E87A3200AFCB09 /* sjy.png in Resources */ = {isa = PBXBuildFile; fileRef = 538E52E521E87A3200AFCB09 /* sjy.png */; };
		538E531121E8827300AFCB09 /* PagingMenuController.framework in Frameworks */ = {isa = PBXBuildFile; fileRef = 538E52F321E87C4900AFCB09 /* PagingMenuController.framework */; };
		538E531221E8827300AFCB09 /* PagingMenuController.framework in Embed Frameworks */ = {isa = PBXBuildFile; fileRef = 538E52F321E87C4900AFCB09 /* PagingMenuController.framework */; settings = {ATTRIBUTES = (CodeSignOnCopy, RemoveHeadersOnCopy, ); }; };
		538E531621E887E000AFCB09 /* ViewController1.swift in Sources */ = {isa = PBXBuildFile; fileRef = 538E531521E887E000AFCB09 /* ViewController1.swift */; };
		538E531821E887ED00AFCB09 /* ViewController2.swift in Sources */ = {isa = PBXBuildFile; fileRef = 538E531721E887ED00AFCB09 /* ViewController2.swift */; };
		539F4CEC21CBF83000431213 /* MessageViewController.swift in Sources */ = {isa = PBXBuildFile; fileRef = 539F4CEB21CBF83000431213 /* MessageViewController.swift */; };
		539F4CEE21CBFC3200431213 /* SuggestViewController.swift in Sources */ = {isa = PBXBuildFile; fileRef = 539F4CED21CBFC3200431213 /* SuggestViewController.swift */; };
		539F4CF021CBFE9400431213 /* SettingViewController.swift in Sources */ = {isa = PBXBuildFile; fileRef = 539F4CEF21CBFE9400431213 /* SettingViewController.swift */; };
		539F4CF221CC00FF00431213 /* ZhanyinViewController.swift in Sources */ = {isa = PBXBuildFile; fileRef = 539F4CF121CC00FF00431213 /* ZhanyinViewController.swift */; };
		539F4CF421CC027300431213 /* AboutusViewController.swift in Sources */ = {isa = PBXBuildFile; fileRef = 539F4CF321CC027300431213 /* AboutusViewController.swift */; };
		53CFD56C21CCAD3700B0C491 /* MyAPPViewController.swift in Sources */ = {isa = PBXBuildFile; fileRef = 53CFD56B21CCAD3700B0C491 /* MyAPPViewController.swift */; };
		53CFD57221CCB68A00B0C491 /* SHIchangViewController.swift in Sources */ = {isa = PBXBuildFile; fileRef = 53CFD57121CCB68A00B0C491 /* SHIchangViewController.swift */; };
		53E8843821DCA4650023C2F0 /* SliderGalleryController.swift in Sources */ = {isa = PBXBuildFile; fileRef = 53E8843721DCA4650023C2F0 /* SliderGalleryController.swift */; };
		53E8844321DCA7F40023C2F0 /* ImageHelper.swift in Sources */ = {isa = PBXBuildFile; fileRef = 53E8844121DCA7F40023C2F0 /* ImageHelper.swift */; };
		53E8844421DCA7F40023C2F0 /* ImageVIewExtension.swift in Sources */ = {isa = PBXBuildFile; fileRef = 53E8844221DCA7F40023C2F0 /* ImageVIewExtension.swift */; };
		53E8844621DCC2520023C2F0 /* TableViewController.swift in Sources */ = {isa = PBXBuildFile; fileRef = 53E8844521DCC2520023C2F0 /* TableViewController.swift */; };
		53E8E60821E5E23C00DBCE9F /* dpj.png in Resources */ = {isa = PBXBuildFile; fileRef = 53E8E60421E5E23B00DBCE9F /* dpj.png */; };
		53E8E60921E5E23C00DBCE9F /* dfk.png in Resources */ = {isa = PBXBuildFile; fileRef = 53E8E60521E5E23B00DBCE9F /* dfk.png */; };
		53E8E60A21E5E23C00DBCE9F /* ywc.png in Resources */ = {isa = PBXBuildFile; fileRef = 53E8E60621E5E23B00DBCE9F /* ywc.png */; };
		53E8E60B21E5E23C00DBCE9F /* dsh.png in Resources */ = {isa = PBXBuildFile; fileRef = 53E8E60721E5E23C00DBCE9F /* dsh.png */; };
		53E8E60D21E5E5F500DBCE9F /* ShopTableViewController.swift in Sources */ = {isa = PBXBuildFile; fileRef = 53E8E60C21E5E5F500DBCE9F /* ShopTableViewController.swift */; };
		53E8E60F21E5E6C000DBCE9F /* ShopTableViewCell.swift in Sources */ = {isa = PBXBuildFile; fileRef = 53E8E60E21E5E6C000DBCE9F /* ShopTableViewCell.swift */; };
		53E9B9A421CBA76A000F0EB6 /* AppDelegate.swift in Sources */ = {isa = PBXBuildFile; fileRef = 53E9B9A321CBA76A000F0EB6 /* AppDelegate.swift */; };
		53E9B9AB21CBA76B000F0EB6 /* Assets.xcassets in Resources */ = {isa = PBXBuildFile; fileRef = 53E9B9AA21CBA76B000F0EB6 /* Assets.xcassets */; };
		53E9B9AE21CBA76B000F0EB6 /* LaunchScreen.storyboard in Resources */ = {isa = PBXBuildFile; fileRef = 53E9B9AC21CBA76B000F0EB6 /* LaunchScreen.storyboard */; };
		53E9B9B921CBA76B000F0EB6 /* XZTests.swift in Sources */ = {isa = PBXBuildFile; fileRef = 53E9B9B821CBA76B000F0EB6 /* XZTests.swift */; };
		53E9B9C421CBA76B000F0EB6 /* XZUITests.swift in Sources */ = {isa = PBXBuildFile; fileRef = 53E9B9C321CBA76B000F0EB6 /* XZUITests.swift */; };
		53E9B9E321CBDD7D000F0EB6 /* MymessViewController.swift in Sources */ = {isa = PBXBuildFile; fileRef = 53E9B9E221CBDD7D000F0EB6 /* MymessViewController.swift */; };
		53E9B9E721CBE083000F0EB6 /* MyViewController.swift in Sources */ = {isa = PBXBuildFile; fileRef = 53E9B9E621CBE083000F0EB6 /* MyViewController.swift */; };
		53EEF32121E96C1900B9A382 /* MyAppTableViewController.swift in Sources */ = {isa = PBXBuildFile; fileRef = 53EEF32021E96C1900B9A382 /* MyAppTableViewController.swift */; };
		53EEF32A21E96C6400B9A382 /* MyAppTableViewcell.swift in Sources */ = {isa = PBXBuildFile; fileRef = 53EEF32921E96C6400B9A382 /* MyAppTableViewcell.swift */; };
		53EEF32C21E96C6400B9A382 /* MyApppagViewController.swift in Sources */ = {isa = PBXBuildFile; fileRef = 53EEF32B21E96C6400B9A382 /* MyApppagViewController.swift */; };
		53EEF32E21E96C6400B9A382 /* taobao.png in Resources */ = {isa = PBXBuildFile; fileRef = 53EEF32D21E96C6400B9A382 /* taobao.png */; };
		53EEF33021E96C6400B9A382 /* home.png in Resources */ = {isa = PBXBuildFile; fileRef = 53EEF32F21E96C6400B9A382 /* home.png */; };
		53EEF33421E96C6400B9A382 /* shop.png in Resources */ = {isa = PBXBuildFile; fileRef = 53EEF33121E96C6400B9A382 /* shop.png */; };
		53EEF33521E96C6400B9A382 /* data.png in Resources */ = {isa = PBXBuildFile; fileRef = 53EEF33221E96C6400B9A382 /* data.png */; };
		53EEF33621E96C6400B9A382 /* my.png in Resources */ = {isa = PBXBuildFile; fileRef = 53EEF33321E96C6400B9A382 /* my.png */; };
		57FE33EA21E3254600C739CC /* cl.png in Resources */ = {isa = PBXBuildFile; fileRef = 57FE33D621E3254600C739CC /* cl.png */; };
		57FE33EB21E3254600C739CC /* tx.png in Resources */ = {isa = PBXBuildFile; fileRef = 57FE33D721E3254600C739CC /* tx.png */; };
		57FE33ED21E3254600C739CC /* tp.png in Resources */ = {isa = PBXBuildFile; fileRef = 57FE33D921E3254600C739CC /* tp.png */; };
		57FE33EE21E3254600C739CC /* baidu.jpeg in Resources */ = {isa = PBXBuildFile; fileRef = 57FE33DA21E3254600C739CC /* baidu.jpeg */; };
		57FE33EF21E3254600C739CC /* phone.png in Resources */ = {isa = PBXBuildFile; fileRef = 57FE33DB21E3254600C739CC /* phone.png */; };
		57FE33F021E3254600C739CC /* xf.png in Resources */ = {isa = PBXBuildFile; fileRef = 57FE33DC21E3254600C739CC /* xf.png */; };
		57FE33F121E3254600C739CC /* mima.png in Resources */ = {isa = PBXBuildFile; fileRef = 57FE33DD21E3254600C739CC /* mima.png */; };
		57FE33F221E3254600C739CC /* u=3859421672,511986628&fm=200&gp=0.jpg in Resources */ = {isa = PBXBuildFile; fileRef = 57FE33DE21E3254600C739CC /* u=3859421672,511986628&fm=200&gp=0.jpg */; };
		57FE33F321E3254600C739CC /* xiecheng.jpeg in Resources */ = {isa = PBXBuildFile; fileRef = 57FE33DF21E3254600C739CC /* xiecheng.jpeg */; };
		57FE33F421E3254600C739CC /* logo.png in Resources */ = {isa = PBXBuildFile; fileRef = 57FE33E021E3254600C739CC /* logo.png */; };
		57FE33F621E3254600C739CC /* icon68.png in Resources */ = {isa = PBXBuildFile; fileRef = 57FE33E221E3254600C739CC /* icon68.png */; };
		57FE33F721E3254600C739CC /* cellphone_12.867469879518px_1166712_easyicon.net.png in Resources */ = {isa = PBXBuildFile; fileRef = 57FE33E321E3254600C739CC /* cellphone_12.867469879518px_1166712_easyicon.net.png */; };
		57FE33F821E3254600C739CC /* sy.png in Resources */ = {isa = PBXBuildFile; fileRef = 57FE33E421E3254600C739CC /* sy.png */; };
		57FE33FB21E3254600C739CC /* xinxi.png in Resources */ = {isa = PBXBuildFile; fileRef = 57FE33E721E3254600C739CC /* xinxi.png */; };
		57FE33FC21E3254600C739CC /* xl.png in Resources */ = {isa = PBXBuildFile; fileRef = 57FE33E821E3254600C739CC /* xl.png */; };
		57FE33FD21E3254600C739CC /* xx.png in Resources */ = {isa = PBXBuildFile; fileRef = 57FE33E921E3254600C739CC /* xx.png */; };
		57FE340021E328C100C739CC /* HistoryCell.swift in Sources */ = {isa = PBXBuildFile; fileRef = 57FE33FF21E328C100C739CC /* HistoryCell.swift */; };
		57FE340321E3322D00C739CC /* service.swift in Sources */ = {isa = PBXBuildFile; fileRef = 57FE340221E3322D00C739CC /* service.swift */; };
		57FE340521E3398100C739CC /* hideViewController.swift in Sources */ = {isa = PBXBuildFile; fileRef = 57FE340421E3398100C739CC /* hideViewController.swift */; };
/* End PBXBuildFile section */

/* Begin PBXContainerItemProxy section */
		533672C321D629E7004E5028 /* PBXContainerItemProxy */ = {
			isa = PBXContainerItemProxy;
			containerPortal = 533672B821D629E7004E5028 /* Alamofire.xcodeproj */;
			proxyType = 2;
			remoteGlobalIDString = F8111E3319A95C8B0040E7D1;
			remoteInfo = "Alamofire iOS";
		};
		533672C521D629E7004E5028 /* PBXContainerItemProxy */ = {
			isa = PBXContainerItemProxy;
			containerPortal = 533672B821D629E7004E5028 /* Alamofire.xcodeproj */;
			proxyType = 2;
			remoteGlobalIDString = F8111E3E19A95C8B0040E7D1;
			remoteInfo = "Alamofire iOS Tests";
		};
		533672C721D629E7004E5028 /* PBXContainerItemProxy */ = {
			isa = PBXContainerItemProxy;
			containerPortal = 533672B821D629E7004E5028 /* Alamofire.xcodeproj */;
			proxyType = 2;
			remoteGlobalIDString = 4DD67C0B1A5C55C900ED2280;
			remoteInfo = "Alamofire macOS";
		};
		533672C921D629E7004E5028 /* PBXContainerItemProxy */ = {
			isa = PBXContainerItemProxy;
			containerPortal = 533672B821D629E7004E5028 /* Alamofire.xcodeproj */;
			proxyType = 2;
			remoteGlobalIDString = F829C6B21A7A94F100A2CD59;
			remoteInfo = "Alamofire macOS Tests";
		};
		533672CB21D629E7004E5028 /* PBXContainerItemProxy */ = {
			isa = PBXContainerItemProxy;
			containerPortal = 533672B821D629E7004E5028 /* Alamofire.xcodeproj */;
			proxyType = 2;
			remoteGlobalIDString = 4CF626EF1BA7CB3E0011A099;
			remoteInfo = "Alamofire tvOS";
		};
		533672CD21D629E7004E5028 /* PBXContainerItemProxy */ = {
			isa = PBXContainerItemProxy;
			containerPortal = 533672B821D629E7004E5028 /* Alamofire.xcodeproj */;
			proxyType = 2;
			remoteGlobalIDString = 4CF626F81BA7CB3E0011A099;
			remoteInfo = "Alamofire tvOS Tests";
		};
		533672CF21D629E7004E5028 /* PBXContainerItemProxy */ = {
			isa = PBXContainerItemProxy;
			containerPortal = 533672B821D629E7004E5028 /* Alamofire.xcodeproj */;
			proxyType = 2;
			remoteGlobalIDString = E4202FE01B667AA100C997FB;
			remoteInfo = "Alamofire watchOS";
		};
		5336730221D62A74004E5028 /* PBXContainerItemProxy */ = {
			isa = PBXContainerItemProxy;
			containerPortal = 533672B821D629E7004E5028 /* Alamofire.xcodeproj */;
			proxyType = 1;
			remoteGlobalIDString = F8111E3219A95C8B0040E7D1;
			remoteInfo = "Alamofire iOS";
		};
		538E52F221E87C4900AFCB09 /* PBXContainerItemProxy */ = {
			isa = PBXContainerItemProxy;
			containerPortal = 538E52EE21E87C4800AFCB09 /* PagingMenuController.xcodeproj */;
			proxyType = 2;
			remoteGlobalIDString = ECE530671B6DEB18001CF201;
			remoteInfo = PagingMenuController;
		};
		538E531321E8827300AFCB09 /* PBXContainerItemProxy */ = {
			isa = PBXContainerItemProxy;
			containerPortal = 538E52EE21E87C4800AFCB09 /* PagingMenuController.xcodeproj */;
			proxyType = 1;
			remoteGlobalIDString = ECE530661B6DEB18001CF201;
			remoteInfo = PagingMenuController;
		};
		53E9B9B521CBA76B000F0EB6 /* PBXContainerItemProxy */ = {
			isa = PBXContainerItemProxy;
			containerPortal = 53E9B99821CBA76A000F0EB6 /* Project object */;
			proxyType = 1;
			remoteGlobalIDString = 53E9B99F21CBA76A000F0EB6;
			remoteInfo = XZ;
		};
		53E9B9C021CBA76B000F0EB6 /* PBXContainerItemProxy */ = {
			isa = PBXContainerItemProxy;
			containerPortal = 53E9B99821CBA76A000F0EB6 /* Project object */;
			proxyType = 1;
			remoteGlobalIDString = 53E9B99F21CBA76A000F0EB6;
			remoteInfo = XZ;
		};
/* End PBXContainerItemProxy section */

/* Begin PBXCopyFilesBuildPhase section */
		5336730421D62A74004E5028 /* Embed Frameworks */ = {
			isa = PBXCopyFilesBuildPhase;
			buildActionMask = 2147483647;
			dstPath = "";
			dstSubfolderSpec = 10;
			files = (
				5336730121D62A74004E5028 /* Alamofire.framework in Embed Frameworks */,
				538E531221E8827300AFCB09 /* PagingMenuController.framework in Embed Frameworks */,
			);
			name = "Embed Frameworks";
			runOnlyForDeploymentPostprocessing = 0;
		};
/* End PBXCopyFilesBuildPhase section */

/* Begin PBXFileReference section */
		2A5CD88F91C9B2F0C145C85B /* Pods-XZ.debug.xcconfig */ = {isa = PBXFileReference; includeInIndex = 1; lastKnownFileType = text.xcconfig; name = "Pods-XZ.debug.xcconfig"; path = "Pods/Target Support Files/Pods-XZ/Pods-XZ.debug.xcconfig"; sourceTree = "<group>"; };
		342562C9693D399F11703693 /* Pods-XZ.release.xcconfig */ = {isa = PBXFileReference; includeInIndex = 1; lastKnownFileType = text.xcconfig; name = "Pods-XZ.release.xcconfig"; path = "Pods/Target Support Files/Pods-XZ/Pods-XZ.release.xcconfig"; sourceTree = "<group>"; };
		36593CCAB6E862C0D338C373 /* Pods_XZ.framework */ = {isa = PBXFileReference; explicitFileType = wrapper.framework; includeInIndex = 0; path = Pods_XZ.framework; sourceTree = BUILT_PRODUCTS_DIR; };
		530E43A521F885A7006B07EB /* XZ-Bridging-Header.h */ = {isa = PBXFileReference; lastKnownFileType = sourcecode.c.h; path = "XZ-Bridging-Header.h"; sourceTree = "<group>"; };
		531B3F4821D3659600451269 /* APImessViewController.swift */ = {isa = PBXFileReference; lastKnownFileType = sourcecode.swift; path = APImessViewController.swift; sourceTree = "<group>"; };
		531C331221D513C700F35A5E /* RegisterViewController.swift */ = {isa = PBXFileReference; lastKnownFileType = sourcecode.swift; path = RegisterViewController.swift; sourceTree = "<group>"; };
		531C332621D5259800F35A5E /* LoginViewController.swift */ = {isa = PBXFileReference; lastKnownFileType = sourcecode.swift; path = LoginViewController.swift; sourceTree = "<group>"; };
		531C332A21D528C900F35A5E /* MainViewController.swift */ = {isa = PBXFileReference; lastKnownFileType = sourcecode.swift; path = MainViewController.swift; sourceTree = "<group>"; };
		531C332E21D52B3E00F35A5E /* StartViewController.swift */ = {isa = PBXFileReference; lastKnownFileType = sourcecode.swift; path = StartViewController.swift; sourceTree = "<group>"; };
		531C878921D7ACE100CCDED6 /* HomeViewController.swift */ = {isa = PBXFileReference; lastKnownFileType = sourcecode.swift; path = HomeViewController.swift; sourceTree = "<group>"; };
		533672B121D61E28004E5028 /* SwiftyJSON.swift */ = {isa = PBXFileReference; fileEncoding = 4; lastKnownFileType = sourcecode.swift; path = SwiftyJSON.swift; sourceTree = "<group>"; };
		533672B421D61F44004E5028 /* data.json */ = {isa = PBXFileReference; fileEncoding = 4; lastKnownFileType = text.json; path = data.json; sourceTree = "<group>"; };
		533672B621D629B8004E5028 /* Alamofire-4.1.0 */ = {isa = PBXFileReference; lastKnownFileType = folder; path = "Alamofire-4.1.0"; sourceTree = "<group>"; };
		533672B821D629E7004E5028 /* Alamofire.xcodeproj */ = {isa = PBXFileReference; lastKnownFileType = "wrapper.pb-project"; name = Alamofire.xcodeproj; path = "Alamofire-4.1.0/Alamofire.xcodeproj"; sourceTree = "<group>"; };
		533672FF21D62A4B004E5028 /* XZ copy-Info.plist */ = {isa = PBXFileReference; lastKnownFileType = text.plist.xml; name = "XZ copy-Info.plist"; path = "/Users/wjz/Documents/XZ/XZ copy-Info.plist"; sourceTree = "<absolute>"; };
		53654EB521DCC93900CE84E4 /* MymessTableViewCell.swift */ = {isa = PBXFileReference; lastKnownFileType = sourcecode.swift; path = MymessTableViewCell.swift; sourceTree = "<group>"; };
		53654EB721DCCC2D00CE84E4 /* CustomCellController.swift */ = {isa = PBXFileReference; lastKnownFileType = sourcecode.swift; path = CustomCellController.swift; sourceTree = "<group>"; };
		53654EB921DCCC7500CE84E4 /* CustomTableViewCell.swift */ = {isa = PBXFileReference; lastKnownFileType = sourcecode.swift; path = CustomTableViewCell.swift; sourceTree = "<group>"; };
		53654EBB21DDE32D00CE84E4 /* MytableView.swift */ = {isa = PBXFileReference; lastKnownFileType = sourcecode.swift; path = MytableView.swift; sourceTree = "<group>"; };
		53654EBD21DDE7C700CE84E4 /* ShoppagViewController.swift */ = {isa = PBXFileReference; lastKnownFileType = sourcecode.swift; path = ShoppagViewController.swift; sourceTree = "<group>"; };
		53654EBF21DE40BB00CE84E4 /* MyAppcellViewController.swift */ = {isa = PBXFileReference; lastKnownFileType = sourcecode.swift; path = MyAppcellViewController.swift; sourceTree = "<group>"; };
		53654EC121DE45A500CE84E4 /* OperViewController.swift */ = {isa = PBXFileReference; lastKnownFileType = sourcecode.swift; path = OperViewController.swift; sourceTree = "<group>"; };
		5387D5EE21E5C9170028FC97 /* weibo.png */ = {isa = PBXFileReference; lastKnownFileType = image.png; name = weibo.png; path = ../../../../Desktop/weibo.png; sourceTree = "<group>"; };
		5387D5F721E5C9460028FC97 /* xiecheng.png */ = {isa = PBXFileReference; lastKnownFileType = image.png; name = xiecheng.png; path = ../../../../Desktop/xiecheng.png; sourceTree = "<group>"; };
		5387D5F821E5C9460028FC97 /* aiqiyi.png */ = {isa = PBXFileReference; lastKnownFileType = image.png; name = aiqiyi.png; path = ../../../../Desktop/aiqiyi.png; sourceTree = "<group>"; };
		5387D5F921E5C9460028FC97 /* baidu.png */ = {isa = PBXFileReference; lastKnownFileType = image.png; name = baidu.png; path = ../../../../Desktop/baidu.png; sourceTree = "<group>"; };
		538E52DB21E8700600AFCB09 /* pach.png */ = {isa = PBXFileReference; lastKnownFileType = image.png; path = pach.png; sourceTree = "<group>"; };
		538E52E421E87A3200AFCB09 /* API.png */ = {isa = PBXFileReference; lastKnownFileType = image.png; path = API.png; sourceTree = "<group>"; };
		538E52E521E87A3200AFCB09 /* sjy.png */ = {isa = PBXFileReference; lastKnownFileType = image.png; path = sjy.png; sourceTree = "<group>"; };
		538E52EE21E87C4800AFCB09 /* PagingMenuController.xcodeproj */ = {isa = PBXFileReference; lastKnownFileType = "wrapper.pb-project"; name = PagingMenuController.xcodeproj; path = "../../Downloads/PagingMenuController-master/PagingMenuController.xcodeproj"; sourceTree = "<group>"; };
		538E531521E887E000AFCB09 /* ViewController1.swift */ = {isa = PBXFileReference; lastKnownFileType = sourcecode.swift; name = ViewController1.swift; path = ../ViewController1.swift; sourceTree = "<group>"; };
		538E531721E887ED00AFCB09 /* ViewController2.swift */ = {isa = PBXFileReference; lastKnownFileType = sourcecode.swift; path = ViewController2.swift; sourceTree = "<group>"; };
		539F4CEB21CBF83000431213 /* MessageViewController.swift */ = {isa = PBXFileReference; lastKnownFileType = sourcecode.swift; path = MessageViewController.swift; sourceTree = "<group>"; };
		539F4CED21CBFC3200431213 /* SuggestViewController.swift */ = {isa = PBXFileReference; lastKnownFileType = sourcecode.swift; path = SuggestViewController.swift; sourceTree = "<group>"; };
		539F4CEF21CBFE9400431213 /* SettingViewController.swift */ = {isa = PBXFileReference; lastKnownFileType = sourcecode.swift; path = SettingViewController.swift; sourceTree = "<group>"; };
		539F4CF121CC00FF00431213 /* ZhanyinViewController.swift */ = {isa = PBXFileReference; lastKnownFileType = sourcecode.swift; path = ZhanyinViewController.swift; sourceTree = "<group>"; };
		539F4CF321CC027300431213 /* AboutusViewController.swift */ = {isa = PBXFileReference; lastKnownFileType = sourcecode.swift; path = AboutusViewController.swift; sourceTree = "<group>"; };
		53CFD56B21CCAD3700B0C491 /* MyAPPViewController.swift */ = {isa = PBXFileReference; lastKnownFileType = sourcecode.swift; path = MyAPPViewController.swift; sourceTree = "<group>"; };
		53CFD57121CCB68A00B0C491 /* SHIchangViewController.swift */ = {isa = PBXFileReference; lastKnownFileType = sourcecode.swift; path = SHIchangViewController.swift; sourceTree = "<group>"; };
		53E8843721DCA4650023C2F0 /* SliderGalleryController.swift */ = {isa = PBXFileReference; lastKnownFileType = sourcecode.swift; path = SliderGalleryController.swift; sourceTree = "<group>"; };
		53E8844121DCA7F40023C2F0 /* ImageHelper.swift */ = {isa = PBXFileReference; fileEncoding = 4; lastKnownFileType = sourcecode.swift; path = ImageHelper.swift; sourceTree = "<group>"; };
		53E8844221DCA7F40023C2F0 /* ImageVIewExtension.swift */ = {isa = PBXFileReference; fileEncoding = 4; lastKnownFileType = sourcecode.swift; path = ImageVIewExtension.swift; sourceTree = "<group>"; };
		53E8844521DCC2520023C2F0 /* TableViewController.swift */ = {isa = PBXFileReference; lastKnownFileType = sourcecode.swift; path = TableViewController.swift; sourceTree = "<group>"; };
		53E8E60421E5E23B00DBCE9F /* dpj.png */ = {isa = PBXFileReference; lastKnownFileType = image.png; name = dpj.png; path = ../../../../Downloads/dpj.png; sourceTree = "<group>"; };
		53E8E60521E5E23B00DBCE9F /* dfk.png */ = {isa = PBXFileReference; lastKnownFileType = image.png; name = dfk.png; path = ../../../../Downloads/dfk.png; sourceTree = "<group>"; };
		53E8E60621E5E23B00DBCE9F /* ywc.png */ = {isa = PBXFileReference; lastKnownFileType = image.png; name = ywc.png; path = ../../../../Downloads/ywc.png; sourceTree = "<group>"; };
		53E8E60721E5E23C00DBCE9F /* dsh.png */ = {isa = PBXFileReference; lastKnownFileType = image.png; path = dsh.png; sourceTree = "<group>"; };
		53E8E60C21E5E5F500DBCE9F /* ShopTableViewController.swift */ = {isa = PBXFileReference; lastKnownFileType = sourcecode.swift; path = ShopTableViewController.swift; sourceTree = "<group>"; };
		53E8E60E21E5E6C000DBCE9F /* ShopTableViewCell.swift */ = {isa = PBXFileReference; lastKnownFileType = sourcecode.swift; path = ShopTableViewCell.swift; sourceTree = "<group>"; };
		53E9B9A021CBA76A000F0EB6 /* XZ.app */ = {isa = PBXFileReference; explicitFileType = wrapper.application; includeInIndex = 0; path = XZ.app; sourceTree = BUILT_PRODUCTS_DIR; };
		53E9B9A321CBA76A000F0EB6 /* AppDelegate.swift */ = {isa = PBXFileReference; lastKnownFileType = sourcecode.swift; path = AppDelegate.swift; sourceTree = "<group>"; };
		53E9B9A821CBA76A000F0EB6 /* Base */ = {isa = PBXFileReference; lastKnownFileType = file.storyboard; name = Base; path = Base.lproj/Main.storyboard; sourceTree = "<group>"; };
		53E9B9AA21CBA76B000F0EB6 /* Assets.xcassets */ = {isa = PBXFileReference; lastKnownFileType = folder.assetcatalog; path = Assets.xcassets; sourceTree = "<group>"; };
		53E9B9AD21CBA76B000F0EB6 /* Base */ = {isa = PBXFileReference; lastKnownFileType = file.storyboard; name = Base; path = Base.lproj/LaunchScreen.storyboard; sourceTree = "<group>"; };
		53E9B9AF21CBA76B000F0EB6 /* Info.plist */ = {isa = PBXFileReference; lastKnownFileType = text.plist.xml; path = Info.plist; sourceTree = "<group>"; };
		53E9B9B421CBA76B000F0EB6 /* XZTests.xctest */ = {isa = PBXFileReference; explicitFileType = wrapper.cfbundle; includeInIndex = 0; path = XZTests.xctest; sourceTree = BUILT_PRODUCTS_DIR; };
		53E9B9B821CBA76B000F0EB6 /* XZTests.swift */ = {isa = PBXFileReference; lastKnownFileType = sourcecode.swift; path = XZTests.swift; sourceTree = "<group>"; };
		53E9B9BA21CBA76B000F0EB6 /* Info.plist */ = {isa = PBXFileReference; lastKnownFileType = text.plist.xml; path = Info.plist; sourceTree = "<group>"; };
		53E9B9BF21CBA76B000F0EB6 /* XZUITests.xctest */ = {isa = PBXFileReference; explicitFileType = wrapper.cfbundle; includeInIndex = 0; path = XZUITests.xctest; sourceTree = BUILT_PRODUCTS_DIR; };
		53E9B9C321CBA76B000F0EB6 /* XZUITests.swift */ = {isa = PBXFileReference; lastKnownFileType = sourcecode.swift; path = XZUITests.swift; sourceTree = "<group>"; };
		53E9B9C521CBA76B000F0EB6 /* Info.plist */ = {isa = PBXFileReference; lastKnownFileType = text.plist.xml; path = Info.plist; sourceTree = "<group>"; };
		53E9B9E221CBDD7D000F0EB6 /* MymessViewController.swift */ = {isa = PBXFileReference; lastKnownFileType = sourcecode.swift; path = MymessViewController.swift; sourceTree = "<group>"; };
		53E9B9E621CBE083000F0EB6 /* MyViewController.swift */ = {isa = PBXFileReference; lastKnownFileType = sourcecode.swift; path = MyViewController.swift; sourceTree = "<group>"; };
		53EEF32021E96C1900B9A382 /* MyAppTableViewController.swift */ = {isa = PBXFileReference; lastKnownFileType = sourcecode.swift; path = MyAppTableViewController.swift; sourceTree = "<group>"; };
		53EEF32921E96C6400B9A382 /* MyAppTableViewcell.swift */ = {isa = PBXFileReference; lastKnownFileType = sourcecode.swift; path = MyAppTableViewcell.swift; sourceTree = "<group>"; };
		53EEF32B21E96C6400B9A382 /* MyApppagViewController.swift */ = {isa = PBXFileReference; lastKnownFileType = sourcecode.swift; path = MyApppagViewController.swift; sourceTree = "<group>"; };
		53EEF32D21E96C6400B9A382 /* taobao.png */ = {isa = PBXFileReference; lastKnownFileType = image.png; name = taobao.png; path = ../../../../Desktop/taobao.png; sourceTree = "<group>"; };
		53EEF32F21E96C6400B9A382 /* home.png */ = {isa = PBXFileReference; lastKnownFileType = image.png; path = home.png; sourceTree = "<group>"; };
		53EEF33121E96C6400B9A382 /* shop.png */ = {isa = PBXFileReference; lastKnownFileType = image.png; path = shop.png; sourceTree = "<group>"; };
		53EEF33221E96C6400B9A382 /* data.png */ = {isa = PBXFileReference; lastKnownFileType = image.png; path = data.png; sourceTree = "<group>"; };
		53EEF33321E96C6400B9A382 /* my.png */ = {isa = PBXFileReference; lastKnownFileType = image.png; path = my.png; sourceTree = "<group>"; };
		57FE33D621E3254600C739CC /* cl.png */ = {isa = PBXFileReference; lastKnownFileType = image.png; path = cl.png; sourceTree = "<group>"; };
		57FE33D721E3254600C739CC /* tx.png */ = {isa = PBXFileReference; lastKnownFileType = image.png; path = tx.png; sourceTree = "<group>"; };
		57FE33D921E3254600C739CC /* tp.png */ = {isa = PBXFileReference; lastKnownFileType = image.png; path = tp.png; sourceTree = "<group>"; };
		57FE33DA21E3254600C739CC /* baidu.jpeg */ = {isa = PBXFileReference; lastKnownFileType = image.jpeg; path = baidu.jpeg; sourceTree = "<group>"; };
		57FE33DB21E3254600C739CC /* phone.png */ = {isa = PBXFileReference; lastKnownFileType = image.png; path = phone.png; sourceTree = "<group>"; };
		57FE33DC21E3254600C739CC /* xf.png */ = {isa = PBXFileReference; lastKnownFileType = image.png; path = xf.png; sourceTree = "<group>"; };
		57FE33DD21E3254600C739CC /* mima.png */ = {isa = PBXFileReference; lastKnownFileType = image.png; path = mima.png; sourceTree = "<group>"; };
		57FE33DE21E3254600C739CC /* u=3859421672,511986628&fm=200&gp=0.jpg */ = {isa = PBXFileReference; lastKnownFileType = image.jpeg; path = "u=3859421672,511986628&fm=200&gp=0.jpg"; sourceTree = "<group>"; };
		57FE33DF21E3254600C739CC /* xiecheng.jpeg */ = {isa = PBXFileReference; lastKnownFileType = image.jpeg; path = xiecheng.jpeg; sourceTree = "<group>"; };
		57FE33E021E3254600C739CC /* logo.png */ = {isa = PBXFileReference; lastKnownFileType = image.png; path = logo.png; sourceTree = "<group>"; };
		57FE33E221E3254600C739CC /* icon68.png */ = {isa = PBXFileReference; lastKnownFileType = image.png; path = icon68.png; sourceTree = "<group>"; };
		57FE33E321E3254600C739CC /* cellphone_12.867469879518px_1166712_easyicon.net.png */ = {isa = PBXFileReference; lastKnownFileType = image.png; path = cellphone_12.867469879518px_1166712_easyicon.net.png; sourceTree = "<group>"; };
		57FE33E421E3254600C739CC /* sy.png */ = {isa = PBXFileReference; lastKnownFileType = image.png; path = sy.png; sourceTree = "<group>"; };
		57FE33E721E3254600C739CC /* xinxi.png */ = {isa = PBXFileReference; lastKnownFileType = image.png; path = xinxi.png; sourceTree = "<group>"; };
		57FE33E821E3254600C739CC /* xl.png */ = {isa = PBXFileReference; lastKnownFileType = image.png; path = xl.png; sourceTree = "<group>"; };
		57FE33E921E3254600C739CC /* xx.png */ = {isa = PBXFileReference; lastKnownFileType = image.png; path = xx.png; sourceTree = "<group>"; };
		57FE33FF21E328C100C739CC /* HistoryCell.swift */ = {isa = PBXFileReference; lastKnownFileType = sourcecode.swift; path = HistoryCell.swift; sourceTree = "<group>"; };
		57FE340221E3322D00C739CC /* service.swift */ = {isa = PBXFileReference; lastKnownFileType = sourcecode.swift; path = service.swift; sourceTree = "<group>"; };
		57FE340421E3398100C739CC /* hideViewController.swift */ = {isa = PBXFileReference; lastKnownFileType = sourcecode.swift; path = hideViewController.swift; sourceTree = "<group>"; };
/* End PBXFileReference section */

/* Begin PBXFrameworksBuildPhase section */
		53E9B99D21CBA76A000F0EB6 /* Frameworks */ = {
			isa = PBXFrameworksBuildPhase;
			buildActionMask = 2147483647;
			files = (
				5336730021D62A74004E5028 /* Alamofire.framework in Frameworks */,
				538E531121E8827300AFCB09 /* PagingMenuController.framework in Frameworks */,
				26E5515F82FA0DBB55C2FEA4 /* Pods_XZ.framework in Frameworks */,
			);
			runOnlyForDeploymentPostprocessing = 0;
		};
		53E9B9B121CBA76B000F0EB6 /* Frameworks */ = {
			isa = PBXFrameworksBuildPhase;
			buildActionMask = 2147483647;
			files = (
			);
			runOnlyForDeploymentPostprocessing = 0;
		};
		53E9B9BC21CBA76B000F0EB6 /* Frameworks */ = {
			isa = PBXFrameworksBuildPhase;
			buildActionMask = 2147483647;
			files = (
			);
			runOnlyForDeploymentPostprocessing = 0;
		};
/* End PBXFrameworksBuildPhase section */

/* Begin PBXGroup section */
		1CA109231C4CEAB85F408076 /* Pods */ = {
			isa = PBXGroup;
			children = (
				2A5CD88F91C9B2F0C145C85B /* Pods-XZ.debug.xcconfig */,
				342562C9693D399F11703693 /* Pods-XZ.release.xcconfig */,
			);
			name = Pods;
			sourceTree = "<group>";
		};
		533672B921D629E7004E5028 /* Products */ = {
			isa = PBXGroup;
			children = (
				533672C421D629E7004E5028 /* Alamofire.framework */,
				533672C621D629E7004E5028 /* Alamofire iOS Tests.xctest */,
				533672C821D629E7004E5028 /* Alamofire.framework */,
				533672CA21D629E7004E5028 /* Alamofire macOS Tests.xctest */,
				533672CC21D629E7004E5028 /* Alamofire.framework */,
				533672CE21D629E7004E5028 /* Alamofire tvOS Tests.xctest */,
				533672D021D629E7004E5028 /* Alamofire.framework */,
			);
			name = Products;
			sourceTree = "<group>";
		};
		538E52EF21E87C4800AFCB09 /* Products */ = {
			isa = PBXGroup;
			children = (
				538E52F321E87C4900AFCB09 /* PagingMenuController.framework */,
			);
			name = Products;
			sourceTree = "<group>";
		};
		53E8844021DCA7850023C2F0 /* ImageHelper */ = {
			isa = PBXGroup;
			children = (
				53E8844121DCA7F40023C2F0 /* ImageHelper.swift */,
				53E8844221DCA7F40023C2F0 /* ImageVIewExtension.swift */,
			);
			path = ImageHelper;
			sourceTree = "<group>";
		};
		53E9B99721CBA76A000F0EB6 = {
			isa = PBXGroup;
			children = (
				538E52EE21E87C4800AFCB09 /* PagingMenuController.xcodeproj */,
				533672B821D629E7004E5028 /* Alamofire.xcodeproj */,
				533672B621D629B8004E5028 /* Alamofire-4.1.0 */,
				53E9B9A221CBA76A000F0EB6 /* XZ */,
				53E9B9B721CBA76B000F0EB6 /* XZTests */,
				53E9B9C221CBA76B000F0EB6 /* XZUITests */,
				53E9B9A121CBA76A000F0EB6 /* Products */,
				533672FF21D62A4B004E5028 /* XZ copy-Info.plist */,
				530E43A521F885A7006B07EB /* XZ-Bridging-Header.h */,
				1CA109231C4CEAB85F408076 /* Pods */,
				5F55999BF0B0677D1C52F063 /* Frameworks */,
			);
			sourceTree = "<group>";
		};
		53E9B9A121CBA76A000F0EB6 /* Products */ = {
			isa = PBXGroup;
			children = (
				53E9B9A021CBA76A000F0EB6 /* XZ.app */,
				53E9B9B421CBA76B000F0EB6 /* XZTests.xctest */,
				53E9B9BF21CBA76B000F0EB6 /* XZUITests.xctest */,
			);
			name = Products;
			sourceTree = "<group>";
		};
		53E9B9A221CBA76A000F0EB6 /* XZ */ = {
			isa = PBXGroup;
			children = (
				57FE340121E331EC00C739CC /* service */,
				57FE33FE21E3288600C739CC /* cell */,
				53E8844021DCA7850023C2F0 /* ImageHelper */,
				533672B421D61F44004E5028 /* data.json */,
				533672B121D61E28004E5028 /* SwiftyJSON.swift */,
				53E9B9D521CBB9CD000F0EB6 /* supporting Files */,
				53E9B9A321CBA76A000F0EB6 /* AppDelegate.swift */,
				53E9B9E221CBDD7D000F0EB6 /* MymessViewController.swift */,
				53E9B9E621CBE083000F0EB6 /* MyViewController.swift */,
				53E9B9A721CBA76A000F0EB6 /* Main.storyboard */,
				53E9B9AA21CBA76B000F0EB6 /* Assets.xcassets */,
				53E9B9AC21CBA76B000F0EB6 /* LaunchScreen.storyboard */,
				53E9B9AF21CBA76B000F0EB6 /* Info.plist */,
				538E531521E887E000AFCB09 /* ViewController1.swift */,
				539F4CEB21CBF83000431213 /* MessageViewController.swift */,
				539F4CED21CBFC3200431213 /* SuggestViewController.swift */,
				539F4CEF21CBFE9400431213 /* SettingViewController.swift */,
				539F4CF121CC00FF00431213 /* ZhanyinViewController.swift */,
				539F4CF321CC027300431213 /* AboutusViewController.swift */,
				53CFD56B21CCAD3700B0C491 /* MyAPPViewController.swift */,
				53CFD57121CCB68A00B0C491 /* SHIchangViewController.swift */,
				531B3F4821D3659600451269 /* APImessViewController.swift */,
				531C331221D513C700F35A5E /* RegisterViewController.swift */,
				531C332621D5259800F35A5E /* LoginViewController.swift */,
				531C332A21D528C900F35A5E /* MainViewController.swift */,
				531C332E21D52B3E00F35A5E /* StartViewController.swift */,
				531C878921D7ACE100CCDED6 /* HomeViewController.swift */,
				53E8843721DCA4650023C2F0 /* SliderGalleryController.swift */,
				53E8844521DCC2520023C2F0 /* TableViewController.swift */,
				53654EB521DCC93900CE84E4 /* MymessTableViewCell.swift */,
				53654EB721DCCC2D00CE84E4 /* CustomCellController.swift */,
				53654EB921DCCC7500CE84E4 /* CustomTableViewCell.swift */,
				53654EBB21DDE32D00CE84E4 /* MytableView.swift */,
				53654EBF21DE40BB00CE84E4 /* MyAppcellViewController.swift */,
				53654EC121DE45A500CE84E4 /* OperViewController.swift */,
				57FE340421E3398100C739CC /* hideViewController.swift */,
				538E531721E887ED00AFCB09 /* ViewController2.swift */,
				53654EBD21DDE7C700CE84E4 /* ShoppagViewController.swift */,
				53E8E60C21E5E5F500DBCE9F /* ShopTableViewController.swift */,
				53E8E60E21E5E6C000DBCE9F /* ShopTableViewCell.swift */,
				53EEF32B21E96C6400B9A382 /* MyApppagViewController.swift */,
				53EEF32021E96C1900B9A382 /* MyAppTableViewController.swift */,
				53EEF32921E96C6400B9A382 /* MyAppTableViewcell.swift */,
			);
			path = XZ;
			sourceTree = "<group>";
		};
		53E9B9B721CBA76B000F0EB6 /* XZTests */ = {
			isa = PBXGroup;
			children = (
				53E9B9B821CBA76B000F0EB6 /* XZTests.swift */,
				53E9B9BA21CBA76B000F0EB6 /* Info.plist */,
			);
			path = XZTests;
			sourceTree = "<group>";
		};
		53E9B9C221CBA76B000F0EB6 /* XZUITests */ = {
			isa = PBXGroup;
			children = (
				53E9B9C321CBA76B000F0EB6 /* XZUITests.swift */,
				53E9B9C521CBA76B000F0EB6 /* Info.plist */,
			);
			path = XZUITests;
			sourceTree = "<group>";
		};
		53E9B9D521CBB9CD000F0EB6 /* supporting Files */ = {
			isa = PBXGroup;
			children = (
				53EEF33221E96C6400B9A382 /* data.png */,
				53EEF33321E96C6400B9A382 /* my.png */,
				53EEF33121E96C6400B9A382 /* shop.png */,
				53EEF32F21E96C6400B9A382 /* home.png */,
				53EEF32D21E96C6400B9A382 /* taobao.png */,
				538E52E421E87A3200AFCB09 /* API.png */,
				538E52E521E87A3200AFCB09 /* sjy.png */,
				538E52DB21E8700600AFCB09 /* pach.png */,
				53E8E60521E5E23B00DBCE9F /* dfk.png */,
				53E8E60421E5E23B00DBCE9F /* dpj.png */,
				53E8E60721E5E23C00DBCE9F /* dsh.png */,
				53E8E60621E5E23B00DBCE9F /* ywc.png */,
				5387D5F821E5C9460028FC97 /* aiqiyi.png */,
				5387D5F921E5C9460028FC97 /* baidu.png */,
				5387D5F721E5C9460028FC97 /* xiecheng.png */,
				5387D5EE21E5C9170028FC97 /* weibo.png */,
				57FE33DA21E3254600C739CC /* baidu.jpeg */,
				57FE33E321E3254600C739CC /* cellphone_12.867469879518px_1166712_easyicon.net.png */,
				57FE33D621E3254600C739CC /* cl.png */,
				57FE33E221E3254600C739CC /* icon68.png */,
				57FE33E021E3254600C739CC /* logo.png */,
				57FE33DD21E3254600C739CC /* mima.png */,
				57FE33DB21E3254600C739CC /* phone.png */,
				57FE33E421E3254600C739CC /* sy.png */,
				57FE33D921E3254600C739CC /* tp.png */,
				57FE33D721E3254600C739CC /* tx.png */,
				57FE33DE21E3254600C739CC /* u=3859421672,511986628&fm=200&gp=0.jpg */,
				57FE33DC21E3254600C739CC /* xf.png */,
				57FE33DF21E3254600C739CC /* xiecheng.jpeg */,
				57FE33E721E3254600C739CC /* xinxi.png */,
				57FE33E821E3254600C739CC /* xl.png */,
				57FE33E921E3254600C739CC /* xx.png */,
			);
			path = "supporting Files";
			sourceTree = "<group>";
		};
		57FE33FE21E3288600C739CC /* cell */ = {
			isa = PBXGroup;
			children = (
				57FE33FF21E328C100C739CC /* HistoryCell.swift */,
			);
			path = cell;
			sourceTree = "<group>";
		};
		57FE340121E331EC00C739CC /* service */ = {
			isa = PBXGroup;
			children = (
				57FE340221E3322D00C739CC /* service.swift */,
			);
			path = service;
			sourceTree = "<group>";
		};
		5F55999BF0B0677D1C52F063 /* Frameworks */ = {
			isa = PBXGroup;
			children = (
				36593CCAB6E862C0D338C373 /* Pods_XZ.framework */,
			);
			name = Frameworks;
			sourceTree = "<group>";
		};
/* End PBXGroup section */

/* Begin PBXNativeTarget section */
		53E9B99F21CBA76A000F0EB6 /* XZ */ = {
			isa = PBXNativeTarget;
			buildConfigurationList = 53E9B9C821CBA76C000F0EB6 /* Build configuration list for PBXNativeTarget "XZ" */;
			buildPhases = (
				C72E2F7AE82C82ECB5FEEA41 /* [CP] Check Pods Manifest.lock */,
				53E9B99C21CBA76A000F0EB6 /* Sources */,
				53E9B99D21CBA76A000F0EB6 /* Frameworks */,
				53E9B99E21CBA76A000F0EB6 /* Resources */,
				5336730421D62A74004E5028 /* Embed Frameworks */,
				27D185C5831E92222975187B /* [CP] Embed Pods Frameworks */,
			);
			buildRules = (
			);
			dependencies = (
				5336730321D62A74004E5028 /* PBXTargetDependency */,
				538E531421E8827300AFCB09 /* PBXTargetDependency */,
			);
			name = XZ;
			productName = XZ;
			productReference = 53E9B9A021CBA76A000F0EB6 /* XZ.app */;
			productType = "com.apple.product-type.application";
		};
		53E9B9B321CBA76B000F0EB6 /* XZTests */ = {
			isa = PBXNativeTarget;
			buildConfigurationList = 53E9B9CB21CBA76C000F0EB6 /* Build configuration list for PBXNativeTarget "XZTests" */;
			buildPhases = (
				53E9B9B021CBA76B000F0EB6 /* Sources */,
				53E9B9B121CBA76B000F0EB6 /* Frameworks */,
				53E9B9B221CBA76B000F0EB6 /* Resources */,
			);
			buildRules = (
			);
			dependencies = (
				53E9B9B621CBA76B000F0EB6 /* PBXTargetDependency */,
			);
			name = XZTests;
			productName = XZTests;
			productReference = 53E9B9B421CBA76B000F0EB6 /* XZTests.xctest */;
			productType = "com.apple.product-type.bundle.unit-test";
		};
		53E9B9BE21CBA76B000F0EB6 /* XZUITests */ = {
			isa = PBXNativeTarget;
			buildConfigurationList = 53E9B9CE21CBA76C000F0EB6 /* Build configuration list for PBXNativeTarget "XZUITests" */;
			buildPhases = (
				53E9B9BB21CBA76B000F0EB6 /* Sources */,
				53E9B9BC21CBA76B000F0EB6 /* Frameworks */,
				53E9B9BD21CBA76B000F0EB6 /* Resources */,
			);
			buildRules = (
			);
			dependencies = (
				53E9B9C121CBA76B000F0EB6 /* PBXTargetDependency */,
			);
			name = XZUITests;
			productName = XZUITests;
			productReference = 53E9B9BF21CBA76B000F0EB6 /* XZUITests.xctest */;
			productType = "com.apple.product-type.bundle.ui-testing";
		};
/* End PBXNativeTarget section */

/* Begin PBXProject section */
		53E9B99821CBA76A000F0EB6 /* Project object */ = {
			isa = PBXProject;
			attributes = {
				LastSwiftUpdateCheck = 1010;
				LastUpgradeCheck = 1010;
				ORGANIZATIONNAME = wjz;
				TargetAttributes = {
					53E9B99F21CBA76A000F0EB6 = {
						CreatedOnToolsVersion = 10.1;
						LastSwiftMigration = 1010;
					};
					53E9B9B321CBA76B000F0EB6 = {
						CreatedOnToolsVersion = 10.1;
						TestTargetID = 53E9B99F21CBA76A000F0EB6;
					};
					53E9B9BE21CBA76B000F0EB6 = {
						CreatedOnToolsVersion = 10.1;
						TestTargetID = 53E9B99F21CBA76A000F0EB6;
					};
				};
			};
			buildConfigurationList = 53E9B99B21CBA76A000F0EB6 /* Build configuration list for PBXProject "XZ" */;
			compatibilityVersion = "Xcode 9.3";
			developmentRegion = en;
			hasScannedForEncodings = 0;
			knownRegions = (
				en,
				Base,
			);
			mainGroup = 53E9B99721CBA76A000F0EB6;
			productRefGroup = 53E9B9A121CBA76A000F0EB6 /* Products */;
			projectDirPath = "";
			projectReferences = (
				{
					ProductGroup = 533672B921D629E7004E5028 /* Products */;
					ProjectRef = 533672B821D629E7004E5028 /* Alamofire.xcodeproj */;
				},
				{
					ProductGroup = 538E52EF21E87C4800AFCB09 /* Products */;
					ProjectRef = 538E52EE21E87C4800AFCB09 /* PagingMenuController.xcodeproj */;
				},
			);
			projectRoot = "";
			targets = (
				53E9B99F21CBA76A000F0EB6 /* XZ */,
				53E9B9B321CBA76B000F0EB6 /* XZTests */,
				53E9B9BE21CBA76B000F0EB6 /* XZUITests */,
			);
		};
/* End PBXProject section */

/* Begin PBXReferenceProxy section */
		533672C421D629E7004E5028 /* Alamofire.framework */ = {
			isa = PBXReferenceProxy;
			fileType = wrapper.framework;
			path = Alamofire.framework;
			remoteRef = 533672C321D629E7004E5028 /* PBXContainerItemProxy */;
			sourceTree = BUILT_PRODUCTS_DIR;
		};
		533672C621D629E7004E5028 /* Alamofire iOS Tests.xctest */ = {
			isa = PBXReferenceProxy;
			fileType = wrapper.cfbundle;
			path = "Alamofire iOS Tests.xctest";
			remoteRef = 533672C521D629E7004E5028 /* PBXContainerItemProxy */;
			sourceTree = BUILT_PRODUCTS_DIR;
		};
		533672C821D629E7004E5028 /* Alamofire.framework */ = {
			isa = PBXReferenceProxy;
			fileType = wrapper.framework;
			path = Alamofire.framework;
			remoteRef = 533672C721D629E7004E5028 /* PBXContainerItemProxy */;
			sourceTree = BUILT_PRODUCTS_DIR;
		};
		533672CA21D629E7004E5028 /* Alamofire macOS Tests.xctest */ = {
			isa = PBXReferenceProxy;
			fileType = wrapper.cfbundle;
			path = "Alamofire macOS Tests.xctest";
			remoteRef = 533672C921D629E7004E5028 /* PBXContainerItemProxy */;
			sourceTree = BUILT_PRODUCTS_DIR;
		};
		533672CC21D629E7004E5028 /* Alamofire.framework */ = {
			isa = PBXReferenceProxy;
			fileType = wrapper.framework;
			path = Alamofire.framework;
			remoteRef = 533672CB21D629E7004E5028 /* PBXContainerItemProxy */;
			sourceTree = BUILT_PRODUCTS_DIR;
		};
		533672CE21D629E7004E5028 /* Alamofire tvOS Tests.xctest */ = {
			isa = PBXReferenceProxy;
			fileType = wrapper.cfbundle;
			path = "Alamofire tvOS Tests.xctest";
			remoteRef = 533672CD21D629E7004E5028 /* PBXContainerItemProxy */;
			sourceTree = BUILT_PRODUCTS_DIR;
		};
		533672D021D629E7004E5028 /* Alamofire.framework */ = {
			isa = PBXReferenceProxy;
			fileType = wrapper.framework;
			path = Alamofire.framework;
			remoteRef = 533672CF21D629E7004E5028 /* PBXContainerItemProxy */;
			sourceTree = BUILT_PRODUCTS_DIR;
		};
		538E52F321E87C4900AFCB09 /* PagingMenuController.framework */ = {
			isa = PBXReferenceProxy;
			fileType = wrapper.framework;
			path = PagingMenuController.framework;
			remoteRef = 538E52F221E87C4900AFCB09 /* PBXContainerItemProxy */;
			sourceTree = BUILT_PRODUCTS_DIR;
		};
/* End PBXReferenceProxy section */

/* Begin PBXResourcesBuildPhase section */
		53E9B99E21CBA76A000F0EB6 /* Resources */ = {
			isa = PBXResourcesBuildPhase;
			buildActionMask = 2147483647;
			files = (
				57FE33F221E3254600C739CC /* u=3859421672,511986628&fm=200&gp=0.jpg in Resources */,
				533672B721D629B8004E5028 /* Alamofire-4.1.0 in Resources */,
				57FE33EF21E3254600C739CC /* phone.png in Resources */,
				5387D5FC21E5C9460028FC97 /* baidu.png in Resources */,
				5387D5FB21E5C9460028FC97 /* aiqiyi.png in Resources */,
				57FE33F621E3254600C739CC /* icon68.png in Resources */,
				53EEF33021E96C6400B9A382 /* home.png in Resources */,
				538E52E621E87A3200AFCB09 /* API.png in Resources */,
				53E8E60921E5E23C00DBCE9F /* dfk.png in Resources */,
				57FE33F821E3254600C739CC /* sy.png in Resources */,
				57FE33ED21E3254600C739CC /* tp.png in Resources */,
				53E8E60821E5E23C00DBCE9F /* dpj.png in Resources */,
				533672B521D61F44004E5028 /* data.json in Resources */,
				538E52E321E8700600AFCB09 /* pach.png in Resources */,
				57FE33FD21E3254600C739CC /* xx.png in Resources */,
				53E9B9AE21CBA76B000F0EB6 /* LaunchScreen.storyboard in Resources */,
				53E8E60A21E5E23C00DBCE9F /* ywc.png in Resources */,
				538E52E721E87A3200AFCB09 /* sjy.png in Resources */,
				531B3F4A21D366C100451269 /* Main.storyboard in Resources */,
				57FE33F121E3254600C739CC /* mima.png in Resources */,
				57FE33FC21E3254600C739CC /* xl.png in Resources */,
				53EEF33421E96C6400B9A382 /* shop.png in Resources */,
				57FE33F021E3254600C739CC /* xf.png in Resources */,
				53E8E60B21E5E23C00DBCE9F /* dsh.png in Resources */,
				57FE33EA21E3254600C739CC /* cl.png in Resources */,
				57FE33FB21E3254600C739CC /* xinxi.png in Resources */,
				57FE33F321E3254600C739CC /* xiecheng.jpeg in Resources */,
				5387D5F621E5C9170028FC97 /* weibo.png in Resources */,
				57FE33F421E3254600C739CC /* logo.png in Resources */,
				53EEF33521E96C6400B9A382 /* data.png in Resources */,
				53EEF32E21E96C6400B9A382 /* taobao.png in Resources */,
				57FE33F721E3254600C739CC /* cellphone_12.867469879518px_1166712_easyicon.net.png in Resources */,
				57FE33EB21E3254600C739CC /* tx.png in Resources */,
				53E9B9AB21CBA76B000F0EB6 /* Assets.xcassets in Resources */,
				5387D5FA21E5C9460028FC97 /* xiecheng.png in Resources */,
				57FE33EE21E3254600C739CC /* baidu.jpeg in Resources */,
				53EEF33621E96C6400B9A382 /* my.png in Resources */,
			);
			runOnlyForDeploymentPostprocessing = 0;
		};
		53E9B9B221CBA76B000F0EB6 /* Resources */ = {
			isa = PBXResourcesBuildPhase;
			buildActionMask = 2147483647;
			files = (
			);
			runOnlyForDeploymentPostprocessing = 0;
		};
		53E9B9BD21CBA76B000F0EB6 /* Resources */ = {
			isa = PBXResourcesBuildPhase;
			buildActionMask = 2147483647;
			files = (
			);
			runOnlyForDeploymentPostprocessing = 0;
		};
/* End PBXResourcesBuildPhase section */

/* Begin PBXShellScriptBuildPhase section */
		27D185C5831E92222975187B /* [CP] Embed Pods Frameworks */ = {
			isa = PBXShellScriptBuildPhase;
			buildActionMask = 2147483647;
			files = (
			);
			inputFileListPaths = (
			);
			inputPaths = (
				"${SRCROOT}/Pods/Target Support Files/Pods-XZ/Pods-XZ-frameworks.sh",
				"${BUILT_PRODUCTS_DIR}/MJRefresh/MJRefresh.framework",
			);
			name = "[CP] Embed Pods Frameworks";
			outputFileListPaths = (
			);
			outputPaths = (
				"${TARGET_BUILD_DIR}/${FRAMEWORKS_FOLDER_PATH}/MJRefresh.framework",
			);
			runOnlyForDeploymentPostprocessing = 0;
			shellPath = /bin/sh;
			shellScript = "\"${SRCROOT}/Pods/Target Support Files/Pods-XZ/Pods-XZ-frameworks.sh\"\n";
			showEnvVarsInLog = 0;
		};
		C72E2F7AE82C82ECB5FEEA41 /* [CP] Check Pods Manifest.lock */ = {
			isa = PBXShellScriptBuildPhase;
			buildActionMask = 2147483647;
			files = (
			);
			inputFileListPaths = (
			);
			inputPaths = (
				"${PODS_PODFILE_DIR_PATH}/Podfile.lock",
				"${PODS_ROOT}/Manifest.lock",
			);
			name = "[CP] Check Pods Manifest.lock";
			outputFileListPaths = (
			);
			outputPaths = (
				"$(DERIVED_FILE_DIR)/Pods-XZ-checkManifestLockResult.txt",
			);
			runOnlyForDeploymentPostprocessing = 0;
			shellPath = /bin/sh;
			shellScript = "diff \"${PODS_PODFILE_DIR_PATH}/Podfile.lock\" \"${PODS_ROOT}/Manifest.lock\" > /dev/null\nif [ $? != 0 ] ; then\n    # print error to STDERR\n    echo \"error: The sandbox is not in sync with the Podfile.lock. Run 'pod install' or update your CocoaPods installation.\" >&2\n    exit 1\nfi\n# This output is used by Xcode 'outputs' to avoid re-running this script phase.\necho \"SUCCESS\" > \"${SCRIPT_OUTPUT_FILE_0}\"\n";
			showEnvVarsInLog = 0;
		};
/* End PBXShellScriptBuildPhase section */

/* Begin PBXSourcesBuildPhase section */
		53E9B99C21CBA76A000F0EB6 /* Sources */ = {
			isa = PBXSourcesBuildPhase;
			buildActionMask = 2147483647;
			files = (
				538E531821E887ED00AFCB09 /* ViewController2.swift in Sources */,
				531C332721D5259800F35A5E /* LoginViewController.swift in Sources */,
				531C332F21D52B3E00F35A5E /* StartViewController.swift in Sources */,
				53CFD57221CCB68A00B0C491 /* SHIchangViewController.swift in Sources */,
				53E8E60F21E5E6C000DBCE9F /* ShopTableViewCell.swift in Sources */,
				53654EC021DE40BB00CE84E4 /* MyAppcellViewController.swift in Sources */,
				53E9B9E321CBDD7D000F0EB6 /* MymessViewController.swift in Sources */,
				53EEF32121E96C1900B9A382 /* MyAppTableViewController.swift in Sources */,
				539F4CEE21CBFC3200431213 /* SuggestViewController.swift in Sources */,
				531C878A21D7ACE100CCDED6 /* HomeViewController.swift in Sources */,
				53E8844421DCA7F40023C2F0 /* ImageVIewExtension.swift in Sources */,
				539F4CF421CC027300431213 /* AboutusViewController.swift in Sources */,
				53CFD56C21CCAD3700B0C491 /* MyAPPViewController.swift in Sources */,
				53654EB821DCCC2D00CE84E4 /* CustomCellController.swift in Sources */,
				57FE340521E3398100C739CC /* hideViewController.swift in Sources */,
				53654EB621DCC93900CE84E4 /* MymessTableViewCell.swift in Sources */,
				53E9B9E721CBE083000F0EB6 /* MyViewController.swift in Sources */,
				531B3F4921D3659600451269 /* APImessViewController.swift in Sources */,
				53E8844321DCA7F40023C2F0 /* ImageHelper.swift in Sources */,
				53EEF32A21E96C6400B9A382 /* MyAppTableViewcell.swift in Sources */,
				531C332B21D528C900F35A5E /* MainViewController.swift in Sources */,
				53654EC221DE45A500CE84E4 /* OperViewController.swift in Sources */,
				53E8843821DCA4650023C2F0 /* SliderGalleryController.swift in Sources */,
				53E9B9A421CBA76A000F0EB6 /* AppDelegate.swift in Sources */,
				57FE340021E328C100C739CC /* HistoryCell.swift in Sources */,
				538E531621E887E000AFCB09 /* ViewController1.swift in Sources */,
				539F4CF021CBFE9400431213 /* SettingViewController.swift in Sources */,
				53654EBA21DCCC7500CE84E4 /* CustomTableViewCell.swift in Sources */,
				53E8844621DCC2520023C2F0 /* TableViewController.swift in Sources */,
				531C331321D513C700F35A5E /* RegisterViewController.swift in Sources */,
				53E8E60D21E5E5F500DBCE9F /* ShopTableViewController.swift in Sources */,
				533672B221D61E28004E5028 /* SwiftyJSON.swift in Sources */,
				57FE340321E3322D00C739CC /* service.swift in Sources */,
				53654EBE21DDE7C700CE84E4 /* ShoppagViewController.swift in Sources */,
				53654EBC21DDE32D00CE84E4 /* MytableView.swift in Sources */,
				539F4CF221CC00FF00431213 /* ZhanyinViewController.swift in Sources */,
				539F4CEC21CBF83000431213 /* MessageViewController.swift in Sources */,
				53EEF32C21E96C6400B9A382 /* MyApppagViewController.swift in Sources */,
			);
			runOnlyForDeploymentPostprocessing = 0;
		};
		53E9B9B021CBA76B000F0EB6 /* Sources */ = {
			isa = PBXSourcesBuildPhase;
			buildActionMask = 2147483647;
			files = (
				53E9B9B921CBA76B000F0EB6 /* XZTests.swift in Sources */,
			);
			runOnlyForDeploymentPostprocessing = 0;
		};
		53E9B9BB21CBA76B000F0EB6 /* Sources */ = {
			isa = PBXSourcesBuildPhase;
			buildActionMask = 2147483647;
			files = (
				53E9B9C421CBA76B000F0EB6 /* XZUITests.swift in Sources */,
			);
			runOnlyForDeploymentPostprocessing = 0;
		};
/* End PBXSourcesBuildPhase section */

/* Begin PBXTargetDependency section */
		5336730321D62A74004E5028 /* PBXTargetDependency */ = {
			isa = PBXTargetDependency;
			name = "Alamofire iOS";
			targetProxy = 5336730221D62A74004E5028 /* PBXContainerItemProxy */;
		};
		538E531421E8827300AFCB09 /* PBXTargetDependency */ = {
			isa = PBXTargetDependency;
			name = PagingMenuController;
			targetProxy = 538E531321E8827300AFCB09 /* PBXContainerItemProxy */;
		};
		53E9B9B621CBA76B000F0EB6 /* PBXTargetDependency */ = {
			isa = PBXTargetDependency;
			target = 53E9B99F21CBA76A000F0EB6 /* XZ */;
			targetProxy = 53E9B9B521CBA76B000F0EB6 /* PBXContainerItemProxy */;
		};
		53E9B9C121CBA76B000F0EB6 /* PBXTargetDependency */ = {
			isa = PBXTargetDependency;
			target = 53E9B99F21CBA76A000F0EB6 /* XZ */;
			targetProxy = 53E9B9C021CBA76B000F0EB6 /* PBXContainerItemProxy */;
		};
/* End PBXTargetDependency section */

/* Begin PBXVariantGroup section */
		53E9B9A721CBA76A000F0EB6 /* Main.storyboard */ = {
			isa = PBXVariantGroup;
			children = (
				53E9B9A821CBA76A000F0EB6 /* Base */,
			);
			name = Main.storyboard;
			sourceTree = "<group>";
		};
		53E9B9AC21CBA76B000F0EB6 /* LaunchScreen.storyboard */ = {
			isa = PBXVariantGroup;
			children = (
				53E9B9AD21CBA76B000F0EB6 /* Base */,
			);
			name = LaunchScreen.storyboard;
			sourceTree = "<group>";
		};
/* End PBXVariantGroup section */

/* Begin XCBuildConfiguration section */
		53E9B9C621CBA76C000F0EB6 /* Debug */ = {
			isa = XCBuildConfiguration;
			buildSettings = {
				ALWAYS_SEARCH_USER_PATHS = NO;
				CLANG_ANALYZER_NONNULL = YES;
				CLANG_ANALYZER_NUMBER_OBJECT_CONVERSION = YES_AGGRESSIVE;
				CLANG_CXX_LANGUAGE_STANDARD = "gnu++14";
				CLANG_CXX_LIBRARY = "libc++";
				CLANG_ENABLE_MODULES = YES;
				CLANG_ENABLE_OBJC_ARC = YES;
				CLANG_ENABLE_OBJC_WEAK = YES;
				CLANG_WARN_BLOCK_CAPTURE_AUTORELEASING = YES;
				CLANG_WARN_BOOL_CONVERSION = YES;
				CLANG_WARN_COMMA = YES;
				CLANG_WARN_CONSTANT_CONVERSION = YES;
				CLANG_WARN_DEPRECATED_OBJC_IMPLEMENTATIONS = YES;
				CLANG_WARN_DIRECT_OBJC_ISA_USAGE = YES_ERROR;
				CLANG_WARN_DOCUMENTATION_COMMENTS = YES;
				CLANG_WARN_EMPTY_BODY = YES;
				CLANG_WARN_ENUM_CONVERSION = YES;
				CLANG_WARN_INFINITE_RECURSION = YES;
				CLANG_WARN_INT_CONVERSION = YES;
				CLANG_WARN_NON_LITERAL_NULL_CONVERSION = YES;
				CLANG_WARN_OBJC_IMPLICIT_RETAIN_SELF = YES;
				CLANG_WARN_OBJC_LITERAL_CONVERSION = YES;
				CLANG_WARN_OBJC_ROOT_CLASS = YES_ERROR;
				CLANG_WARN_RANGE_LOOP_ANALYSIS = YES;
				CLANG_WARN_STRICT_PROTOTYPES = YES;
				CLANG_WARN_SUSPICIOUS_MOVE = YES;
				CLANG_WARN_UNGUARDED_AVAILABILITY = YES_AGGRESSIVE;
				CLANG_WARN_UNREACHABLE_CODE = YES;
				CLANG_WARN__DUPLICATE_METHOD_MATCH = YES;
				CODE_SIGN_IDENTITY = "iPhone Developer";
				COPY_PHASE_STRIP = NO;
				DEBUG_INFORMATION_FORMAT = dwarf;
				ENABLE_STRICT_OBJC_MSGSEND = YES;
				ENABLE_TESTABILITY = YES;
				GCC_C_LANGUAGE_STANDARD = gnu11;
				GCC_DYNAMIC_NO_PIC = NO;
				GCC_NO_COMMON_BLOCKS = YES;
				GCC_OPTIMIZATION_LEVEL = 0;
				GCC_PREPROCESSOR_DEFINITIONS = (
					"DEBUG=1",
					"$(inherited)",
				);
				GCC_WARN_64_TO_32_BIT_CONVERSION = YES;
				GCC_WARN_ABOUT_RETURN_TYPE = YES_ERROR;
				GCC_WARN_UNDECLARED_SELECTOR = YES;
				GCC_WARN_UNINITIALIZED_AUTOS = YES_AGGRESSIVE;
				GCC_WARN_UNUSED_FUNCTION = YES;
				GCC_WARN_UNUSED_VARIABLE = YES;
				IPHONEOS_DEPLOYMENT_TARGET = 12.1;
				MTL_ENABLE_DEBUG_INFO = INCLUDE_SOURCE;
				MTL_FAST_MATH = YES;
				ONLY_ACTIVE_ARCH = YES;
				SDKROOT = iphoneos;
				SWIFT_ACTIVE_COMPILATION_CONDITIONS = DEBUG;
				SWIFT_OPTIMIZATION_LEVEL = "-Onone";
			};
			name = Debug;
		};
		53E9B9C721CBA76C000F0EB6 /* Release */ = {
			isa = XCBuildConfiguration;
			buildSettings = {
				ALWAYS_SEARCH_USER_PATHS = NO;
				CLANG_ANALYZER_NONNULL = YES;
				CLANG_ANALYZER_NUMBER_OBJECT_CONVERSION = YES_AGGRESSIVE;
				CLANG_CXX_LANGUAGE_STANDARD = "gnu++14";
				CLANG_CXX_LIBRARY = "libc++";
				CLANG_ENABLE_MODULES = YES;
				CLANG_ENABLE_OBJC_ARC = YES;
				CLANG_ENABLE_OBJC_WEAK = YES;
				CLANG_WARN_BLOCK_CAPTURE_AUTORELEASING = YES;
				CLANG_WARN_BOOL_CONVERSION = YES;
				CLANG_WARN_COMMA = YES;
				CLANG_WARN_CONSTANT_CONVERSION = YES;
				CLANG_WARN_DEPRECATED_OBJC_IMPLEMENTATIONS = YES;
				CLANG_WARN_DIRECT_OBJC_ISA_USAGE = YES_ERROR;
				CLANG_WARN_DOCUMENTATION_COMMENTS = YES;
				CLANG_WARN_EMPTY_BODY = YES;
				CLANG_WARN_ENUM_CONVERSION = YES;
				CLANG_WARN_INFINITE_RECURSION = YES;
				CLANG_WARN_INT_CONVERSION = YES;
				CLANG_WARN_NON_LITERAL_NULL_CONVERSION = YES;
				CLANG_WARN_OBJC_IMPLICIT_RETAIN_SELF = YES;
				CLANG_WARN_OBJC_LITERAL_CONVERSION = YES;
				CLANG_WARN_OBJC_ROOT_CLASS = YES_ERROR;
				CLANG_WARN_RANGE_LOOP_ANALYSIS = YES;
				CLANG_WARN_STRICT_PROTOTYPES = YES;
				CLANG_WARN_SUSPICIOUS_MOVE = YES;
				CLANG_WARN_UNGUARDED_AVAILABILITY = YES_AGGRESSIVE;
				CLANG_WARN_UNREACHABLE_CODE = YES;
				CLANG_WARN__DUPLICATE_METHOD_MATCH = YES;
				CODE_SIGN_IDENTITY = "iPhone Developer";
				COPY_PHASE_STRIP = NO;
				DEBUG_INFORMATION_FORMAT = "dwarf-with-dsym";
				ENABLE_NS_ASSERTIONS = NO;
				ENABLE_STRICT_OBJC_MSGSEND = YES;
				GCC_C_LANGUAGE_STANDARD = gnu11;
				GCC_NO_COMMON_BLOCKS = YES;
				GCC_WARN_64_TO_32_BIT_CONVERSION = YES;
				GCC_WARN_ABOUT_RETURN_TYPE = YES_ERROR;
				GCC_WARN_UNDECLARED_SELECTOR = YES;
				GCC_WARN_UNINITIALIZED_AUTOS = YES_AGGRESSIVE;
				GCC_WARN_UNUSED_FUNCTION = YES;
				GCC_WARN_UNUSED_VARIABLE = YES;
				IPHONEOS_DEPLOYMENT_TARGET = 12.1;
				MTL_ENABLE_DEBUG_INFO = NO;
				MTL_FAST_MATH = YES;
				SDKROOT = iphoneos;
				SWIFT_COMPILATION_MODE = wholemodule;
				SWIFT_OPTIMIZATION_LEVEL = "-O";
				VALIDATE_PRODUCT = YES;
			};
			name = Release;
		};
		53E9B9C921CBA76C000F0EB6 /* Debug */ = {
			isa = XCBuildConfiguration;
			baseConfigurationReference = 2A5CD88F91C9B2F0C145C85B /* Pods-XZ.debug.xcconfig */;
			buildSettings = {
				ALWAYS_EMBED_SWIFT_STANDARD_LIBRARIES = YES;
				ASSETCATALOG_COMPILER_APPICON_NAME = AppIcon;
				CLANG_ENABLE_MODULES = YES;
				CODE_SIGN_STYLE = Automatic;
				INFOPLIST_FILE = XZ/Info.plist;
				LD_RUNPATH_SEARCH_PATHS = (
					"$(inherited)",
					"@executable_path/Frameworks",
				);
				PRODUCT_BUNDLE_IDENTIFIER = XZ.XZ;
				PRODUCT_NAME = "$(TARGET_NAME)";
				SWIFT_OBJC_BRIDGING_HEADER = "XZ-Bridging-Header.h";
				SWIFT_OPTIMIZATION_LEVEL = "-Onone";
				SWIFT_VERSION = 4.2;
				TARGETED_DEVICE_FAMILY = "1,2";
			};
			name = Debug;
		};
		53E9B9CA21CBA76C000F0EB6 /* Release */ = {
			isa = XCBuildConfiguration;
			baseConfigurationReference = 342562C9693D399F11703693 /* Pods-XZ.release.xcconfig */;
			buildSettings = {
				ALWAYS_EMBED_SWIFT_STANDARD_LIBRARIES = YES;
				ASSETCATALOG_COMPILER_APPICON_NAME = AppIcon;
				CLANG_ENABLE_MODULES = YES;
				CODE_SIGN_STYLE = Automatic;
				INFOPLIST_FILE = XZ/Info.plist;
				LD_RUNPATH_SEARCH_PATHS = (
					"$(inherited)",
					"@executable_path/Frameworks",
				);
				PRODUCT_BUNDLE_IDENTIFIER = XZ.XZ;
				PRODUCT_NAME = "$(TARGET_NAME)";
				SWIFT_OBJC_BRIDGING_HEADER = "XZ-Bridging-Header.h";
				SWIFT_VERSION = 4.2;
				TARGETED_DEVICE_FAMILY = "1,2";
			};
			name = Release;
		};
		53E9B9CC21CBA76C000F0EB6 /* Debug */ = {
			isa = XCBuildConfiguration;
			buildSettings = {
				ALWAYS_EMBED_SWIFT_STANDARD_LIBRARIES = YES;
				BUNDLE_LOADER = "$(TEST_HOST)";
				CODE_SIGN_STYLE = Automatic;
				INFOPLIST_FILE = XZTests/Info.plist;
				LD_RUNPATH_SEARCH_PATHS = (
					"$(inherited)",
					"@executable_path/Frameworks",
					"@loader_path/Frameworks",
				);
				PRODUCT_BUNDLE_IDENTIFIER = XZ.XZTests;
				PRODUCT_NAME = "$(TARGET_NAME)";
				SWIFT_VERSION = 4.2;
				TARGETED_DEVICE_FAMILY = "1,2";
				TEST_HOST = "$(BUILT_PRODUCTS_DIR)/XZ.app/XZ";
			};
			name = Debug;
		};
		53E9B9CD21CBA76C000F0EB6 /* Release */ = {
			isa = XCBuildConfiguration;
			buildSettings = {
				ALWAYS_EMBED_SWIFT_STANDARD_LIBRARIES = YES;
				BUNDLE_LOADER = "$(TEST_HOST)";
				CODE_SIGN_STYLE = Automatic;
				INFOPLIST_FILE = XZTests/Info.plist;
				LD_RUNPATH_SEARCH_PATHS = (
					"$(inherited)",
					"@executable_path/Frameworks",
					"@loader_path/Frameworks",
				);
				PRODUCT_BUNDLE_IDENTIFIER = XZ.XZTests;
				PRODUCT_NAME = "$(TARGET_NAME)";
				SWIFT_VERSION = 4.2;
				TARGETED_DEVICE_FAMILY = "1,2";
				TEST_HOST = "$(BUILT_PRODUCTS_DIR)/XZ.app/XZ";
			};
			name = Release;
		};
		53E9B9CF21CBA76C000F0EB6 /* Debug */ = {
			isa = XCBuildConfiguration;
			buildSettings = {
				ALWAYS_EMBED_SWIFT_STANDARD_LIBRARIES = YES;
				CODE_SIGN_STYLE = Automatic;
				INFOPLIST_FILE = XZUITests/Info.plist;
				LD_RUNPATH_SEARCH_PATHS = (
					"$(inherited)",
					"@executable_path/Frameworks",
					"@loader_path/Frameworks",
				);
				PRODUCT_BUNDLE_IDENTIFIER = XZ.XZUITests;
				PRODUCT_NAME = "$(TARGET_NAME)";
				SWIFT_VERSION = 4.2;
				TARGETED_DEVICE_FAMILY = "1,2";
				TEST_TARGET_NAME = XZ;
			};
			name = Debug;
		};
		53E9B9D021CBA76C000F0EB6 /* Release */ = {
			isa = XCBuildConfiguration;
			buildSettings = {
				ALWAYS_EMBED_SWIFT_STANDARD_LIBRARIES = YES;
				CODE_SIGN_STYLE = Automatic;
				INFOPLIST_FILE = XZUITests/Info.plist;
				LD_RUNPATH_SEARCH_PATHS = (
					"$(inherited)",
					"@executable_path/Frameworks",
					"@loader_path/Frameworks",
				);
				PRODUCT_BUNDLE_IDENTIFIER = XZ.XZUITests;
				PRODUCT_NAME = "$(TARGET_NAME)";
				SWIFT_VERSION = 4.2;
				TARGETED_DEVICE_FAMILY = "1,2";
				TEST_TARGET_NAME = XZ;
			};
			name = Release;
		};
/* End XCBuildConfiguration section */

/* Begin XCConfigurationList section */
		53E9B99B21CBA76A000F0EB6 /* Build configuration list for PBXProject "XZ" */ = {
			isa = XCConfigurationList;
			buildConfigurations = (
				53E9B9C621CBA76C000F0EB6 /* Debug */,
				53E9B9C721CBA76C000F0EB6 /* Release */,
			);
			defaultConfigurationIsVisible = 0;
			defaultConfigurationName = Release;
		};
		53E9B9C821CBA76C000F0EB6 /* Build configuration list for PBXNativeTarget "XZ" */ = {
			isa = XCConfigurationList;
			buildConfigurations = (
				53E9B9C921CBA76C000F0EB6 /* Debug */,
				53E9B9CA21CBA76C000F0EB6 /* Release */,
			);
			defaultConfigurationIsVisible = 0;
			defaultConfigurationName = Release;
		};
		53E9B9CB21CBA76C000F0EB6 /* Build configuration list for PBXNativeTarget "XZTests" */ = {
			isa = XCConfigurationList;
			buildConfigurations = (
				53E9B9CC21CBA76C000F0EB6 /* Debug */,
				53E9B9CD21CBA76C000F0EB6 /* Release */,
			);
			defaultConfigurationIsVisible = 0;
			defaultConfigurationName = Release;
		};
		53E9B9CE21CBA76C000F0EB6 /* Build configuration list for PBXNativeTarget "XZUITests" */ = {
			isa = XCConfigurationList;
			buildConfigurations = (
				53E9B9CF21CBA76C000F0EB6 /* Debug */,
				53E9B9D021CBA76C000F0EB6 /* Release */,
			);
			defaultConfigurationIsVisible = 0;
			defaultConfigurationName = Release;
		};
/* End XCConfigurationList section */
	};
	rootObject = 53E9B99821CBA76A000F0EB6 /* Project object */;
}
